// !$*UTF8*$!
{
	archiveVersion = 1;
	classes = {
	};
	objectVersion = 55;
	objects = {

/* Begin PBXBuildFile section */
		6A90B57528338F4400E273E5 /* Constant.swift in Sources */ = {isa = PBXBuildFile; fileRef = 6A90B57428338F4400E273E5 /* Constant.swift */; };
		6A90B5772833CFAC00E273E5 /* UIColor+.swift in Sources */ = {isa = PBXBuildFile; fileRef = 6A90B5762833CFAC00E273E5 /* UIColor+.swift */; };
		6A90B5792833CFC800E273E5 /* UIFont+.swift in Sources */ = {isa = PBXBuildFile; fileRef = 6A90B5782833CFC800E273E5 /* UIFont+.swift */; };
		6A90B57B2833CFE000E273E5 /* UILabel+.swift in Sources */ = {isa = PBXBuildFile; fileRef = 6A90B57A2833CFE000E273E5 /* UILabel+.swift */; };
		6A90B57D2833CFF000E273E5 /* UIView+.swift in Sources */ = {isa = PBXBuildFile; fileRef = 6A90B57C2833CFF000E273E5 /* UIView+.swift */; };
		6A90B57F2833D02B00E273E5 /* UIViewController+.swift in Sources */ = {isa = PBXBuildFile; fileRef = 6A90B57E2833D02B00E273E5 /* UIViewController+.swift */; };
		6A90B5812833D04000E273E5 /* UIStackView+.swift in Sources */ = {isa = PBXBuildFile; fileRef = 6A90B5802833D04000E273E5 /* UIStackView+.swift */; };
		6A90B5A028356ACA00E273E5 /* UICollectionViewRegisterable.swift in Sources */ = {isa = PBXBuildFile; fileRef = 6A90B59F28356ACA00E273E5 /* UICollectionViewRegisterable.swift */; };
		6A90B5A228356AE100E273E5 /* UITableViewRegisterable.swift in Sources */ = {isa = PBXBuildFile; fileRef = 6A90B5A128356AE100E273E5 /* UITableViewRegisterable.swift */; };
		6AE8B4042833665800151DEC /* AppDelegate.swift in Sources */ = {isa = PBXBuildFile; fileRef = 6AE8B4032833665800151DEC /* AppDelegate.swift */; };
		6AE8B4062833665800151DEC /* SceneDelegate.swift in Sources */ = {isa = PBXBuildFile; fileRef = 6AE8B4052833665800151DEC /* SceneDelegate.swift */; };
		6AE8B4082833665800151DEC /* MainVC.swift in Sources */ = {isa = PBXBuildFile; fileRef = 6AE8B4072833665800151DEC /* MainVC.swift */; };
		6AE8B40B2833665800151DEC /* Main.storyboard in Resources */ = {isa = PBXBuildFile; fileRef = 6AE8B4092833665800151DEC /* Main.storyboard */; };
		6AE8B40D2833665A00151DEC /* Assets.xcassets in Resources */ = {isa = PBXBuildFile; fileRef = 6AE8B40C2833665A00151DEC /* Assets.xcassets */; };
		6AE8B4102833665A00151DEC /* LaunchScreen.storyboard in Resources */ = {isa = PBXBuildFile; fileRef = 6AE8B40E2833665A00151DEC /* LaunchScreen.storyboard */; };
		6AE8B42D283370B400151DEC /* Posting.storyboard in Resources */ = {isa = PBXBuildFile; fileRef = 6AE8B42C283370B400151DEC /* Posting.storyboard */; };
		6AE8B433283371EB00151DEC /* PostingVC.swift in Sources */ = {isa = PBXBuildFile; fileRef = 6AE8B432283371EB00151DEC /* PostingVC.swift */; };
		6AE8B4362833720200151DEC /* AlbumVC.swift in Sources */ = {isa = PBXBuildFile; fileRef = 6AE8B4352833720200151DEC /* AlbumVC.swift */; };
		6AE8B4382833776800151DEC /* tabBarController.swift in Sources */ = {isa = PBXBuildFile; fileRef = 6AE8B4372833776800151DEC /* tabBarController.swift */; };
		9B0B3F382838FE660012A279 /* TVC_AlbumInfo.swift in Sources */ = {isa = PBXBuildFile; fileRef = 9B0B3F362838FE660012A279 /* TVC_AlbumInfo.swift */; };
		9B0B3F392838FE660012A279 /* TVC_AlbumInfo.xib in Resources */ = {isa = PBXBuildFile; fileRef = 9B0B3F372838FE660012A279 /* TVC_AlbumInfo.xib */; };
		9B0B3F3C2838FE9E0012A279 /* TVC_AlbumList.swift in Sources */ = {isa = PBXBuildFile; fileRef = 9B0B3F3A2838FE9E0012A279 /* TVC_AlbumList.swift */; };
		9B0B3F3D2838FE9E0012A279 /* TVC_AlbumList.xib in Resources */ = {isa = PBXBuildFile; fileRef = 9B0B3F3B2838FE9E0012A279 /* TVC_AlbumList.xib */; };
		9B0B3F402838FECF0012A279 /* TVC_AlbumHead.swift in Sources */ = {isa = PBXBuildFile; fileRef = 9B0B3F3E2838FECF0012A279 /* TVC_AlbumHead.swift */; };
		9B0B3F412838FECF0012A279 /* TVC_AlbumHead.xib in Resources */ = {isa = PBXBuildFile; fileRef = 9B0B3F3F2838FECF0012A279 /* TVC_AlbumHead.xib */; };
		9B0B3F442838FEE30012A279 /* TVC_Comments.swift in Sources */ = {isa = PBXBuildFile; fileRef = 9B0B3F422838FEE30012A279 /* TVC_Comments.swift */; };
		9B0B3F452838FEE30012A279 /* TVC_Comments.xib in Resources */ = {isa = PBXBuildFile; fileRef = 9B0B3F432838FEE30012A279 /* TVC_Comments.xib */; };
		9B18305D2838DBA200E0C13B /* Album.storyboard in Resources */ = {isa = PBXBuildFile; fileRef = 9B18305C2838DBA200E0C13B /* Album.storyboard */; };
		9B8A3BE4283D93D900A4FDB4 /* TVC_PlayBtnCell.swift in Sources */ = {isa = PBXBuildFile; fileRef = 9B8A3BE2283D93D900A4FDB4 /* TVC_PlayBtnCell.swift */; };
		9B8A3BE5283D93D900A4FDB4 /* TVC_PlayBtnCell.xib in Resources */ = {isa = PBXBuildFile; fileRef = 9B8A3BE3283D93D900A4FDB4 /* TVC_PlayBtnCell.xib */; };
		9B8A3BE8283D99DA00A4FDB4 /* TVC_AlbumListTitle.swift in Sources */ = {isa = PBXBuildFile; fileRef = 9B8A3BE6283D99DA00A4FDB4 /* TVC_AlbumListTitle.swift */; };
		9B8A3BE9283D99DA00A4FDB4 /* TVC_AlbumListTitle.xib in Resources */ = {isa = PBXBuildFile; fileRef = 9B8A3BE7283D99DA00A4FDB4 /* TVC_AlbumListTitle.xib */; };
		9B8A3BEC283D9AB300A4FDB4 /* TVC_AlbumListHeader.swift in Sources */ = {isa = PBXBuildFile; fileRef = 9B8A3BEA283D9AB300A4FDB4 /* TVC_AlbumListHeader.swift */; };
		9B8A3BED283D9AB300A4FDB4 /* TVC_AlbumListHeader.xib in Resources */ = {isa = PBXBuildFile; fileRef = 9B8A3BEB283D9AB300A4FDB4 /* TVC_AlbumListHeader.xib */; };
/* End PBXBuildFile section */

/* Begin PBXFileReference section */
		6A90B57428338F4400E273E5 /* Constant.swift */ = {isa = PBXFileReference; lastKnownFileType = sourcecode.swift; path = Constant.swift; sourceTree = "<group>"; };
		6A90B5762833CFAC00E273E5 /* UIColor+.swift */ = {isa = PBXFileReference; lastKnownFileType = sourcecode.swift; path = "UIColor+.swift"; sourceTree = "<group>"; };
		6A90B5782833CFC800E273E5 /* UIFont+.swift */ = {isa = PBXFileReference; lastKnownFileType = sourcecode.swift; path = "UIFont+.swift"; sourceTree = "<group>"; };
		6A90B57A2833CFE000E273E5 /* UILabel+.swift */ = {isa = PBXFileReference; lastKnownFileType = sourcecode.swift; path = "UILabel+.swift"; sourceTree = "<group>"; };
		6A90B57C2833CFF000E273E5 /* UIView+.swift */ = {isa = PBXFileReference; lastKnownFileType = sourcecode.swift; path = "UIView+.swift"; sourceTree = "<group>"; };
		6A90B57E2833D02B00E273E5 /* UIViewController+.swift */ = {isa = PBXFileReference; lastKnownFileType = sourcecode.swift; path = "UIViewController+.swift"; sourceTree = "<group>"; };
		6A90B5802833D04000E273E5 /* UIStackView+.swift */ = {isa = PBXFileReference; lastKnownFileType = sourcecode.swift; path = "UIStackView+.swift"; sourceTree = "<group>"; };
		6A90B5952834A26D00E273E5 /* Pretendard-Black.ttf */ = {isa = PBXFileReference; lastKnownFileType = file; path = "Pretendard-Black.ttf"; sourceTree = "<group>"; };
		6A90B5962834A26D00E273E5 /* Pretendard-ExtraBold.ttf */ = {isa = PBXFileReference; lastKnownFileType = file; path = "Pretendard-ExtraBold.ttf"; sourceTree = "<group>"; };
		6A90B5972834A26D00E273E5 /* Pretendard-Medium.ttf */ = {isa = PBXFileReference; lastKnownFileType = file; path = "Pretendard-Medium.ttf"; sourceTree = "<group>"; };
		6A90B5982834A26E00E273E5 /* Pretendard-Regular.ttf */ = {isa = PBXFileReference; lastKnownFileType = file; path = "Pretendard-Regular.ttf"; sourceTree = "<group>"; };
		6A90B5992834A26E00E273E5 /* Pretendard-Thin.ttf */ = {isa = PBXFileReference; lastKnownFileType = file; path = "Pretendard-Thin.ttf"; sourceTree = "<group>"; };
		6A90B59A2834A26E00E273E5 /* Pretendard-Bold.ttf */ = {isa = PBXFileReference; lastKnownFileType = file; path = "Pretendard-Bold.ttf"; sourceTree = "<group>"; };
		6A90B59B2834A26E00E273E5 /* Pretendard-SemiBold.ttf */ = {isa = PBXFileReference; lastKnownFileType = file; path = "Pretendard-SemiBold.ttf"; sourceTree = "<group>"; };
		6A90B59C2834A26E00E273E5 /* Pretendard-Light.ttf */ = {isa = PBXFileReference; lastKnownFileType = file; path = "Pretendard-Light.ttf"; sourceTree = "<group>"; };
		6A90B59D2834A26E00E273E5 /* Pretendard-ExtraLight.ttf */ = {isa = PBXFileReference; lastKnownFileType = file; path = "Pretendard-ExtraLight.ttf"; sourceTree = "<group>"; };
		6A90B59F28356ACA00E273E5 /* UICollectionViewRegisterable.swift */ = {isa = PBXFileReference; lastKnownFileType = sourcecode.swift; path = UICollectionViewRegisterable.swift; sourceTree = "<group>"; };
		6A90B5A128356AE100E273E5 /* UITableViewRegisterable.swift */ = {isa = PBXFileReference; lastKnownFileType = sourcecode.swift; path = UITableViewRegisterable.swift; sourceTree = "<group>"; };
		6AE8B4002833665800151DEC /* Melon-iOS.app */ = {isa = PBXFileReference; explicitFileType = wrapper.application; includeInIndex = 0; path = "Melon-iOS.app"; sourceTree = BUILT_PRODUCTS_DIR; };
		6AE8B4032833665800151DEC /* AppDelegate.swift */ = {isa = PBXFileReference; lastKnownFileType = sourcecode.swift; path = AppDelegate.swift; sourceTree = "<group>"; };
		6AE8B4052833665800151DEC /* SceneDelegate.swift */ = {isa = PBXFileReference; lastKnownFileType = sourcecode.swift; path = SceneDelegate.swift; sourceTree = "<group>"; };
		6AE8B4072833665800151DEC /* MainVC.swift */ = {isa = PBXFileReference; lastKnownFileType = sourcecode.swift; path = MainVC.swift; sourceTree = "<group>"; };
		6AE8B40A2833665800151DEC /* Base */ = {isa = PBXFileReference; lastKnownFileType = file.storyboard; name = Base; path = Base.lproj/Main.storyboard; sourceTree = "<group>"; };
		6AE8B40C2833665A00151DEC /* Assets.xcassets */ = {isa = PBXFileReference; lastKnownFileType = folder.assetcatalog; path = Assets.xcassets; sourceTree = "<group>"; };
		6AE8B40F2833665A00151DEC /* Base */ = {isa = PBXFileReference; lastKnownFileType = file.storyboard; name = Base; path = Base.lproj/LaunchScreen.storyboard; sourceTree = "<group>"; };
		6AE8B4112833665A00151DEC /* Info.plist */ = {isa = PBXFileReference; lastKnownFileType = text.plist.xml; path = Info.plist; sourceTree = "<group>"; };
		6AE8B42928336E5600151DEC /* dummy.swift */ = {isa = PBXFileReference; lastKnownFileType = sourcecode.swift; path = dummy.swift; sourceTree = "<group>"; };
		6AE8B42A28336E5800151DEC /* dummy.swift */ = {isa = PBXFileReference; lastKnownFileType = sourcecode.swift; path = dummy.swift; sourceTree = "<group>"; };
		6AE8B42C283370B400151DEC /* Posting.storyboard */ = {isa = PBXFileReference; lastKnownFileType = file.storyboard; path = Posting.storyboard; sourceTree = "<group>"; };
		6AE8B432283371EB00151DEC /* PostingVC.swift */ = {isa = PBXFileReference; lastKnownFileType = sourcecode.swift; path = PostingVC.swift; sourceTree = "<group>"; };
		6AE8B4352833720200151DEC /* AlbumVC.swift */ = {isa = PBXFileReference; lastKnownFileType = sourcecode.swift; path = AlbumVC.swift; sourceTree = "<group>"; };
		6AE8B4372833776800151DEC /* tabBarController.swift */ = {isa = PBXFileReference; lastKnownFileType = sourcecode.swift; path = tabBarController.swift; sourceTree = "<group>"; };
		9B0B3F362838FE660012A279 /* TVC_AlbumInfo.swift */ = {isa = PBXFileReference; lastKnownFileType = sourcecode.swift; path = TVC_AlbumInfo.swift; sourceTree = "<group>"; };
		9B0B3F372838FE660012A279 /* TVC_AlbumInfo.xib */ = {isa = PBXFileReference; lastKnownFileType = file.xib; path = TVC_AlbumInfo.xib; sourceTree = "<group>"; };
		9B0B3F3A2838FE9E0012A279 /* TVC_AlbumList.swift */ = {isa = PBXFileReference; lastKnownFileType = sourcecode.swift; path = TVC_AlbumList.swift; sourceTree = "<group>"; };
		9B0B3F3B2838FE9E0012A279 /* TVC_AlbumList.xib */ = {isa = PBXFileReference; lastKnownFileType = file.xib; path = TVC_AlbumList.xib; sourceTree = "<group>"; };
		9B0B3F3E2838FECF0012A279 /* TVC_AlbumHead.swift */ = {isa = PBXFileReference; lastKnownFileType = sourcecode.swift; path = TVC_AlbumHead.swift; sourceTree = "<group>"; };
		9B0B3F3F2838FECF0012A279 /* TVC_AlbumHead.xib */ = {isa = PBXFileReference; lastKnownFileType = file.xib; path = TVC_AlbumHead.xib; sourceTree = "<group>"; };
		9B0B3F422838FEE30012A279 /* TVC_Comments.swift */ = {isa = PBXFileReference; lastKnownFileType = sourcecode.swift; path = TVC_Comments.swift; sourceTree = "<group>"; };
		9B0B3F432838FEE30012A279 /* TVC_Comments.xib */ = {isa = PBXFileReference; lastKnownFileType = file.xib; path = TVC_Comments.xib; sourceTree = "<group>"; };
		9B18305C2838DBA200E0C13B /* Album.storyboard */ = {isa = PBXFileReference; lastKnownFileType = file.storyboard; path = Album.storyboard; sourceTree = "<group>"; };
		9B8A3BE2283D93D900A4FDB4 /* TVC_PlayBtnCell.swift */ = {isa = PBXFileReference; lastKnownFileType = sourcecode.swift; path = TVC_PlayBtnCell.swift; sourceTree = "<group>"; };
		9B8A3BE3283D93D900A4FDB4 /* TVC_PlayBtnCell.xib */ = {isa = PBXFileReference; lastKnownFileType = file.xib; path = TVC_PlayBtnCell.xib; sourceTree = "<group>"; };
		9B8A3BE6283D99DA00A4FDB4 /* TVC_AlbumListTitle.swift */ = {isa = PBXFileReference; lastKnownFileType = sourcecode.swift; path = TVC_AlbumListTitle.swift; sourceTree = "<group>"; };
		9B8A3BE7283D99DA00A4FDB4 /* TVC_AlbumListTitle.xib */ = {isa = PBXFileReference; lastKnownFileType = file.xib; path = TVC_AlbumListTitle.xib; sourceTree = "<group>"; };
		9B8A3BEA283D9AB300A4FDB4 /* TVC_AlbumListHeader.swift */ = {isa = PBXFileReference; lastKnownFileType = sourcecode.swift; path = TVC_AlbumListHeader.swift; sourceTree = "<group>"; };
		9B8A3BEB283D9AB300A4FDB4 /* TVC_AlbumListHeader.xib */ = {isa = PBXFileReference; lastKnownFileType = file.xib; path = TVC_AlbumListHeader.xib; sourceTree = "<group>"; };
/* End PBXFileReference section */

/* Begin PBXFrameworksBuildPhase section */
		6AE8B3FD2833665800151DEC /* Frameworks */ = {
			isa = PBXFrameworksBuildPhase;
			buildActionMask = 2147483647;
			files = (
			);
			runOnlyForDeploymentPostprocessing = 0;
		};
/* End PBXFrameworksBuildPhase section */

/* Begin PBXGroup section */
		6A90B5822833E00D00E273E5 /* Font */ = {
			isa = PBXGroup;
			children = (
				6A90B5952834A26D00E273E5 /* Pretendard-Black.ttf */,
				6A90B59A2834A26E00E273E5 /* Pretendard-Bold.ttf */,
				6A90B5962834A26D00E273E5 /* Pretendard-ExtraBold.ttf */,
				6A90B59D2834A26E00E273E5 /* Pretendard-ExtraLight.ttf */,
				6A90B59C2834A26E00E273E5 /* Pretendard-Light.ttf */,
				6A90B5972834A26D00E273E5 /* Pretendard-Medium.ttf */,
				6A90B5982834A26E00E273E5 /* Pretendard-Regular.ttf */,
				6A90B59B2834A26E00E273E5 /* Pretendard-SemiBold.ttf */,
				6A90B5992834A26E00E273E5 /* Pretendard-Thin.ttf */,
			);
			path = Font;
			sourceTree = "<group>";
		};
		6AE8B3F72833665800151DEC = {
			isa = PBXGroup;
			children = (
				6AE8B4022833665800151DEC /* Melon-iOS */,
				6AE8B4012833665800151DEC /* Products */,
			);
			sourceTree = "<group>";
		};
		6AE8B4012833665800151DEC /* Products */ = {
			isa = PBXGroup;
			children = (
				6AE8B4002833665800151DEC /* Melon-iOS.app */,
			);
			name = Products;
			sourceTree = "<group>";
		};
		6AE8B4022833665800151DEC /* Melon-iOS */ = {
			isa = PBXGroup;
			children = (
				6AE8B41728336C1F00151DEC /* Global */,
				6AE8B41828336C2900151DEC /* Source */,
				6AE8B41928336C3100151DEC /* Resource */,
				6AE8B40C2833665A00151DEC /* Assets.xcassets */,
				6AE8B40E2833665A00151DEC /* LaunchScreen.storyboard */,
				6AE8B4112833665A00151DEC /* Info.plist */,
			);
			path = "Melon-iOS";
			sourceTree = "<group>";
		};
		6AE8B41728336C1F00151DEC /* Global */ = {
			isa = PBXGroup;
			children = (
				6AE8B41C28336D1800151DEC /* Protocol */,
				6AE8B41B28336D0D00151DEC /* Extension */,
				6AE8B41A28336D0300151DEC /* Constant */,
			);
			path = Global;
			sourceTree = "<group>";
		};
		6AE8B41828336C2900151DEC /* Source */ = {
			isa = PBXGroup;
			children = (
				6AE8B41F28336D3C00151DEC /* Screen */,
				6AE8B41E28336D3300151DEC /* Network */,
				6AE8B41D28336D2700151DEC /* Model */,
			);
			path = Source;
			sourceTree = "<group>";
		};
		6AE8B41928336C3100151DEC /* Resource */ = {
			isa = PBXGroup;
			children = (
				9B18305E2838DBB900E0C13B /* Storyboard */,
				6A90B5822833E00D00E273E5 /* Font */,
				6AE8B42B28336E7500151DEC /* Support */,
			);
			path = Resource;
			sourceTree = "<group>";
		};
		6AE8B41A28336D0300151DEC /* Constant */ = {
			isa = PBXGroup;
			children = (
				6A90B57428338F4400E273E5 /* Constant.swift */,
			);
			path = Constant;
			sourceTree = "<group>";
		};
		6AE8B41B28336D0D00151DEC /* Extension */ = {
			isa = PBXGroup;
			children = (
				6A90B5762833CFAC00E273E5 /* UIColor+.swift */,
				6A90B5782833CFC800E273E5 /* UIFont+.swift */,
				6A90B57A2833CFE000E273E5 /* UILabel+.swift */,
				6A90B57C2833CFF000E273E5 /* UIView+.swift */,
				6A90B57E2833D02B00E273E5 /* UIViewController+.swift */,
				6A90B5802833D04000E273E5 /* UIStackView+.swift */,
			);
			path = Extension;
			sourceTree = "<group>";
		};
		6AE8B41C28336D1800151DEC /* Protocol */ = {
			isa = PBXGroup;
			children = (
				6A90B59F28356ACA00E273E5 /* UICollectionViewRegisterable.swift */,
				6A90B5A128356AE100E273E5 /* UITableViewRegisterable.swift */,
			);
			path = Protocol;
			sourceTree = "<group>";
		};
		6AE8B41D28336D2700151DEC /* Model */ = {
			isa = PBXGroup;
			children = (
				6AE8B42A28336E5800151DEC /* dummy.swift */,
			);
			path = Model;
			sourceTree = "<group>";
		};
		6AE8B41E28336D3300151DEC /* Network */ = {
			isa = PBXGroup;
			children = (
				6AE8B42928336E5600151DEC /* dummy.swift */,
			);
			path = Network;
			sourceTree = "<group>";
		};
		6AE8B41F28336D3C00151DEC /* Screen */ = {
			isa = PBXGroup;
			children = (
				6AE8B4372833776800151DEC /* tabBarController.swift */,
				6AE8B42228336D7800151DEC /* Posting */,
				6AE8B42128336D7100151DEC /* Album */,
				6AE8B42028336D4400151DEC /* Main */,
			);
			path = Screen;
			sourceTree = "<group>";
		};
		6AE8B42028336D4400151DEC /* Main */ = {
			isa = PBXGroup;
			children = (
				6AE8B4092833665800151DEC /* Main.storyboard */,
				6AE8B4072833665800151DEC /* MainVC.swift */,
			);
			path = Main;
			sourceTree = "<group>";
		};
		6AE8B42128336D7100151DEC /* Album */ = {
			isa = PBXGroup;
			children = (
				6AE8B4352833720200151DEC /* AlbumVC.swift */,
				9B8A3BE2283D93D900A4FDB4 /* TVC_PlayBtnCell.swift */,
				9B8A3BE3283D93D900A4FDB4 /* TVC_PlayBtnCell.xib */,
				9B0B3F3E2838FECF0012A279 /* TVC_AlbumHead.swift */,
				9B0B3F422838FEE30012A279 /* TVC_Comments.swift */,
				9B0B3F432838FEE30012A279 /* TVC_Comments.xib */,
				9B0B3F3F2838FECF0012A279 /* TVC_AlbumHead.xib */,
				9B0B3F3A2838FE9E0012A279 /* TVC_AlbumList.swift */,
				9B0B3F3B2838FE9E0012A279 /* TVC_AlbumList.xib */,
				9B8A3BE6283D99DA00A4FDB4 /* TVC_AlbumListTitle.swift */,
				9B8A3BE7283D99DA00A4FDB4 /* TVC_AlbumListTitle.xib */,
				9B8A3BEA283D9AB300A4FDB4 /* TVC_AlbumListHeader.swift */,
				9B8A3BEB283D9AB300A4FDB4 /* TVC_AlbumListHeader.xib */,
				9B0B3F362838FE660012A279 /* TVC_AlbumInfo.swift */,
				9B0B3F372838FE660012A279 /* TVC_AlbumInfo.xib */,
			);
			path = Album;
			sourceTree = "<group>";
		};
		6AE8B42228336D7800151DEC /* Posting */ = {
			isa = PBXGroup;
			children = (
				6AE8B42C283370B400151DEC /* Posting.storyboard */,
				6AE8B432283371EB00151DEC /* PostingVC.swift */,
			);
			path = Posting;
			sourceTree = "<group>";
		};
		6AE8B42B28336E7500151DEC /* Support */ = {
			isa = PBXGroup;
			children = (
				6AE8B4032833665800151DEC /* AppDelegate.swift */,
				6AE8B4052833665800151DEC /* SceneDelegate.swift */,
			);
			path = Support;
			sourceTree = "<group>";
		};
		9B18305E2838DBB900E0C13B /* Storyboard */ = {
			isa = PBXGroup;
			children = (
				9B18305C2838DBA200E0C13B /* Album.storyboard */,
			);
			path = Storyboard;
			sourceTree = "<group>";
		};
/* End PBXGroup section */

/* Begin PBXNativeTarget section */
		6AE8B3FF2833665800151DEC /* Melon-iOS */ = {
			isa = PBXNativeTarget;
			buildConfigurationList = 6AE8B4142833665A00151DEC /* Build configuration list for PBXNativeTarget "Melon-iOS" */;
			buildPhases = (
				6AE8B3FC2833665800151DEC /* Sources */,
				6AE8B3FD2833665800151DEC /* Frameworks */,
				6AE8B3FE2833665800151DEC /* Resources */,
			);
			buildRules = (
			);
			dependencies = (
			);
			name = "Melon-iOS";
			productName = "Melon-iOS";
			productReference = 6AE8B4002833665800151DEC /* Melon-iOS.app */;
			productType = "com.apple.product-type.application";
		};
/* End PBXNativeTarget section */

/* Begin PBXProject section */
		6AE8B3F82833665800151DEC /* Project object */ = {
			isa = PBXProject;
			attributes = {
				BuildIndependentTargetsInParallel = 1;
				LastSwiftUpdateCheck = 1330;
				LastUpgradeCheck = 1330;
				TargetAttributes = {
					6AE8B3FF2833665800151DEC = {
						CreatedOnToolsVersion = 13.3.1;
					};
				};
			};
			buildConfigurationList = 6AE8B3FB2833665800151DEC /* Build configuration list for PBXProject "Melon-iOS" */;
			compatibilityVersion = "Xcode 13.0";
			developmentRegion = en;
			hasScannedForEncodings = 0;
			knownRegions = (
				en,
				Base,
			);
			mainGroup = 6AE8B3F72833665800151DEC;
			productRefGroup = 6AE8B4012833665800151DEC /* Products */;
			projectDirPath = "";
			projectRoot = "";
			targets = (
				6AE8B3FF2833665800151DEC /* Melon-iOS */,
			);
		};
/* End PBXProject section */

/* Begin PBXResourcesBuildPhase section */
		6AE8B3FE2833665800151DEC /* Resources */ = {
			isa = PBXResourcesBuildPhase;
			buildActionMask = 2147483647;
			files = (
				6AE8B4102833665A00151DEC /* LaunchScreen.storyboard in Resources */,
				9B0B3F412838FECF0012A279 /* TVC_AlbumHead.xib in Resources */,
				9B8A3BE9283D99DA00A4FDB4 /* TVC_AlbumListTitle.xib in Resources */,
				6AE8B42D283370B400151DEC /* Posting.storyboard in Resources */,
				6AE8B40D2833665A00151DEC /* Assets.xcassets in Resources */,
				6AE8B40B2833665800151DEC /* Main.storyboard in Resources */,
				9B8A3BED283D9AB300A4FDB4 /* TVC_AlbumListHeader.xib in Resources */,
				9B0B3F3D2838FE9E0012A279 /* TVC_AlbumList.xib in Resources */,
				9B8A3BE5283D93D900A4FDB4 /* TVC_PlayBtnCell.xib in Resources */,
				9B18305D2838DBA200E0C13B /* Album.storyboard in Resources */,
				9B0B3F392838FE660012A279 /* TVC_AlbumInfo.xib in Resources */,
				9B0B3F452838FEE30012A279 /* TVC_Comments.xib in Resources */,
			);
			runOnlyForDeploymentPostprocessing = 0;
		};
/* End PBXResourcesBuildPhase section */

/* Begin PBXSourcesBuildPhase section */
		6AE8B3FC2833665800151DEC /* Sources */ = {
			isa = PBXSourcesBuildPhase;
			buildActionMask = 2147483647;
			files = (
				6A90B57D2833CFF000E273E5 /* UIView+.swift in Sources */,
				6AE8B4362833720200151DEC /* AlbumVC.swift in Sources */,
				9B8A3BEC283D9AB300A4FDB4 /* TVC_AlbumListHeader.swift in Sources */,
				6A90B5A228356AE100E273E5 /* UITableViewRegisterable.swift in Sources */,
				6AE8B4082833665800151DEC /* MainVC.swift in Sources */,
				6A90B5792833CFC800E273E5 /* UIFont+.swift in Sources */,
				6A90B57528338F4400E273E5 /* Constant.swift in Sources */,
				9B0B3F442838FEE30012A279 /* TVC_Comments.swift in Sources */,
				9B0B3F3C2838FE9E0012A279 /* TVC_AlbumList.swift in Sources */,
				9B0B3F402838FECF0012A279 /* TVC_AlbumHead.swift in Sources */,
				9B8A3BE8283D99DA00A4FDB4 /* TVC_AlbumListTitle.swift in Sources */,
				6AE8B433283371EB00151DEC /* PostingVC.swift in Sources */,
				9B0B3F382838FE660012A279 /* TVC_AlbumInfo.swift in Sources */,
				6AE8B4382833776800151DEC /* tabBarController.swift in Sources */,
				6A90B5812833D04000E273E5 /* UIStackView+.swift in Sources */,
				6A90B57B2833CFE000E273E5 /* UILabel+.swift in Sources */,
				6AE8B4042833665800151DEC /* AppDelegate.swift in Sources */,
				6A90B57F2833D02B00E273E5 /* UIViewController+.swift in Sources */,
				6A90B5A028356ACA00E273E5 /* UICollectionViewRegisterable.swift in Sources */,
				6AE8B4062833665800151DEC /* SceneDelegate.swift in Sources */,
				9B8A3BE4283D93D900A4FDB4 /* TVC_PlayBtnCell.swift in Sources */,
				6A90B5772833CFAC00E273E5 /* UIColor+.swift in Sources */,
			);
			runOnlyForDeploymentPostprocessing = 0;
		};
/* End PBXSourcesBuildPhase section */

/* Begin PBXVariantGroup section */
		6AE8B4092833665800151DEC /* Main.storyboard */ = {
			isa = PBXVariantGroup;
			children = (
				6AE8B40A2833665800151DEC /* Base */,
			);
			name = Main.storyboard;
			sourceTree = "<group>";
		};
		6AE8B40E2833665A00151DEC /* LaunchScreen.storyboard */ = {
			isa = PBXVariantGroup;
			children = (
				6AE8B40F2833665A00151DEC /* Base */,
			);
			name = LaunchScreen.storyboard;
			sourceTree = "<group>";
		};
/* End PBXVariantGroup section */

/* Begin XCBuildConfiguration section */
		6AE8B4122833665A00151DEC /* Debug */ = {
			isa = XCBuildConfiguration;
			buildSettings = {
				ALWAYS_SEARCH_USER_PATHS = NO;
				CLANG_ANALYZER_NONNULL = YES;
				CLANG_ANALYZER_NUMBER_OBJECT_CONVERSION = YES_AGGRESSIVE;
				CLANG_CXX_LANGUAGE_STANDARD = "gnu++17";
				CLANG_ENABLE_MODULES = YES;
				CLANG_ENABLE_OBJC_ARC = YES;
				CLANG_ENABLE_OBJC_WEAK = YES;
				CLANG_WARN_BLOCK_CAPTURE_AUTORELEASING = YES;
				CLANG_WARN_BOOL_CONVERSION = YES;
				CLANG_WARN_COMMA = YES;
				CLANG_WARN_CONSTANT_CONVERSION = YES;
				CLANG_WARN_DEPRECATED_OBJC_IMPLEMENTATIONS = YES;
				CLANG_WARN_DIRECT_OBJC_ISA_USAGE = YES_ERROR;
				CLANG_WARN_DOCUMENTATION_COMMENTS = YES;
				CLANG_WARN_EMPTY_BODY = YES;
				CLANG_WARN_ENUM_CONVERSION = YES;
				CLANG_WARN_INFINITE_RECURSION = YES;
				CLANG_WARN_INT_CONVERSION = YES;
				CLANG_WARN_NON_LITERAL_NULL_CONVERSION = YES;
				CLANG_WARN_OBJC_IMPLICIT_RETAIN_SELF = YES;
				CLANG_WARN_OBJC_LITERAL_CONVERSION = YES;
				CLANG_WARN_OBJC_ROOT_CLASS = YES_ERROR;
				CLANG_WARN_QUOTED_INCLUDE_IN_FRAMEWORK_HEADER = YES;
				CLANG_WARN_RANGE_LOOP_ANALYSIS = YES;
				CLANG_WARN_STRICT_PROTOTYPES = YES;
				CLANG_WARN_SUSPICIOUS_MOVE = YES;
				CLANG_WARN_UNGUARDED_AVAILABILITY = YES_AGGRESSIVE;
				CLANG_WARN_UNREACHABLE_CODE = YES;
				CLANG_WARN__DUPLICATE_METHOD_MATCH = YES;
				COPY_PHASE_STRIP = NO;
				DEBUG_INFORMATION_FORMAT = dwarf;
				ENABLE_STRICT_OBJC_MSGSEND = YES;
				ENABLE_TESTABILITY = YES;
				GCC_C_LANGUAGE_STANDARD = gnu11;
				GCC_DYNAMIC_NO_PIC = NO;
				GCC_NO_COMMON_BLOCKS = YES;
				GCC_OPTIMIZATION_LEVEL = 0;
				GCC_PREPROCESSOR_DEFINITIONS = (
					"DEBUG=1",
					"$(inherited)",
				);
				GCC_WARN_64_TO_32_BIT_CONVERSION = YES;
				GCC_WARN_ABOUT_RETURN_TYPE = YES_ERROR;
				GCC_WARN_UNDECLARED_SELECTOR = YES;
				GCC_WARN_UNINITIALIZED_AUTOS = YES_AGGRESSIVE;
				GCC_WARN_UNUSED_FUNCTION = YES;
				GCC_WARN_UNUSED_VARIABLE = YES;
				IPHONEOS_DEPLOYMENT_TARGET = 15.4;
				MTL_ENABLE_DEBUG_INFO = INCLUDE_SOURCE;
				MTL_FAST_MATH = YES;
				ONLY_ACTIVE_ARCH = YES;
				SDKROOT = iphoneos;
				SWIFT_ACTIVE_COMPILATION_CONDITIONS = DEBUG;
				SWIFT_OPTIMIZATION_LEVEL = "-Onone";
			};
			name = Debug;
		};
		6AE8B4132833665A00151DEC /* Release */ = {
			isa = XCBuildConfiguration;
			buildSettings = {
				ALWAYS_SEARCH_USER_PATHS = NO;
				CLANG_ANALYZER_NONNULL = YES;
				CLANG_ANALYZER_NUMBER_OBJECT_CONVERSION = YES_AGGRESSIVE;
				CLANG_CXX_LANGUAGE_STANDARD = "gnu++17";
				CLANG_ENABLE_MODULES = YES;
				CLANG_ENABLE_OBJC_ARC = YES;
				CLANG_ENABLE_OBJC_WEAK = YES;
				CLANG_WARN_BLOCK_CAPTURE_AUTORELEASING = YES;
				CLANG_WARN_BOOL_CONVERSION = YES;
				CLANG_WARN_COMMA = YES;
				CLANG_WARN_CONSTANT_CONVERSION = YES;
				CLANG_WARN_DEPRECATED_OBJC_IMPLEMENTATIONS = YES;
				CLANG_WARN_DIRECT_OBJC_ISA_USAGE = YES_ERROR;
				CLANG_WARN_DOCUMENTATION_COMMENTS = YES;
				CLANG_WARN_EMPTY_BODY = YES;
				CLANG_WARN_ENUM_CONVERSION = YES;
				CLANG_WARN_INFINITE_RECURSION = YES;
				CLANG_WARN_INT_CONVERSION = YES;
				CLANG_WARN_NON_LITERAL_NULL_CONVERSION = YES;
				CLANG_WARN_OBJC_IMPLICIT_RETAIN_SELF = YES;
				CLANG_WARN_OBJC_LITERAL_CONVERSION = YES;
				CLANG_WARN_OBJC_ROOT_CLASS = YES_ERROR;
				CLANG_WARN_QUOTED_INCLUDE_IN_FRAMEWORK_HEADER = YES;
				CLANG_WARN_RANGE_LOOP_ANALYSIS = YES;
				CLANG_WARN_STRICT_PROTOTYPES = YES;
				CLANG_WARN_SUSPICIOUS_MOVE = YES;
				CLANG_WARN_UNGUARDED_AVAILABILITY = YES_AGGRESSIVE;
				CLANG_WARN_UNREACHABLE_CODE = YES;
				CLANG_WARN__DUPLICATE_METHOD_MATCH = YES;
				COPY_PHASE_STRIP = NO;
				DEBUG_INFORMATION_FORMAT = "dwarf-with-dsym";
				ENABLE_NS_ASSERTIONS = NO;
				ENABLE_STRICT_OBJC_MSGSEND = YES;
				GCC_C_LANGUAGE_STANDARD = gnu11;
				GCC_NO_COMMON_BLOCKS = YES;
				GCC_WARN_64_TO_32_BIT_CONVERSION = YES;
				GCC_WARN_ABOUT_RETURN_TYPE = YES_ERROR;
				GCC_WARN_UNDECLARED_SELECTOR = YES;
				GCC_WARN_UNINITIALIZED_AUTOS = YES_AGGRESSIVE;
				GCC_WARN_UNUSED_FUNCTION = YES;
				GCC_WARN_UNUSED_VARIABLE = YES;
				IPHONEOS_DEPLOYMENT_TARGET = 15.4;
				MTL_ENABLE_DEBUG_INFO = NO;
				MTL_FAST_MATH = YES;
				SDKROOT = iphoneos;
				SWIFT_COMPILATION_MODE = wholemodule;
				SWIFT_OPTIMIZATION_LEVEL = "-O";
				VALIDATE_PRODUCT = YES;
			};
			name = Release;
		};
		6AE8B4152833665A00151DEC /* Debug */ = {
			isa = XCBuildConfiguration;
			buildSettings = {
				ASSETCATALOG_COMPILER_APPICON_NAME = AppIcon;
				ASSETCATALOG_COMPILER_GLOBAL_ACCENT_COLOR_NAME = AccentColor;
				CODE_SIGN_STYLE = Automatic;
				CURRENT_PROJECT_VERSION = 1;
				DEVELOPMENT_TEAM = 3H85AXMVD3;
				GENERATE_INFOPLIST_FILE = YES;
				INFOPLIST_FILE = "Melon-iOS/Info.plist";
				INFOPLIST_KEY_UIApplicationSupportsIndirectInputEvents = YES;
				INFOPLIST_KEY_UILaunchStoryboardName = LaunchScreen;
				INFOPLIST_KEY_UIMainStoryboardFile = Album;
				INFOPLIST_KEY_UISupportedInterfaceOrientations_iPad = "UIInterfaceOrientationPortrait UIInterfaceOrientationPortraitUpsideDown UIInterfaceOrientationLandscapeLeft UIInterfaceOrientationLandscapeRight";
				INFOPLIST_KEY_UISupportedInterfaceOrientations_iPhone = "UIInterfaceOrientationPortrait UIInterfaceOrientationLandscapeLeft UIInterfaceOrientationLandscapeRight";
				LD_RUNPATH_SEARCH_PATHS = (
					"$(inherited)",
					"@executable_path/Frameworks",
				);
				MARKETING_VERSION = 1.0;
				PRODUCT_BUNDLE_IDENTIFIER = "com.yujinnee.Melon-iOS";
				PRODUCT_NAME = "$(TARGET_NAME)";
				SWIFT_EMIT_LOC_STRINGS = YES;
				SWIFT_VERSION = 5.0;
				TARGETED_DEVICE_FAMILY = "1,2";
			};
			name = Debug;
		};
		6AE8B4162833665A00151DEC /* Release */ = {
			isa = XCBuildConfiguration;
			buildSettings = {
				ASSETCATALOG_COMPILER_APPICON_NAME = AppIcon;
				ASSETCATALOG_COMPILER_GLOBAL_ACCENT_COLOR_NAME = AccentColor;
				CODE_SIGN_STYLE = Automatic;
				CURRENT_PROJECT_VERSION = 1;
				DEVELOPMENT_TEAM = 3H85AXMVD3;
				GENERATE_INFOPLIST_FILE = YES;
				INFOPLIST_FILE = "Melon-iOS/Info.plist";
				INFOPLIST_KEY_UIApplicationSupportsIndirectInputEvents = YES;
				INFOPLIST_KEY_UILaunchStoryboardName = LaunchScreen;
				INFOPLIST_KEY_UIMainStoryboardFile = Album;
				INFOPLIST_KEY_UISupportedInterfaceOrientations_iPad = "UIInterfaceOrientationPortrait UIInterfaceOrientationPortraitUpsideDown UIInterfaceOrientationLandscapeLeft UIInterfaceOrientationLandscapeRight";
				INFOPLIST_KEY_UISupportedInterfaceOrientations_iPhone = "UIInterfaceOrientationPortrait UIInterfaceOrientationLandscapeLeft UIInterfaceOrientationLandscapeRight";
				LD_RUNPATH_SEARCH_PATHS = (
					"$(inherited)",
					"@executable_path/Frameworks",
				);
				MARKETING_VERSION = 1.0;
				PRODUCT_BUNDLE_IDENTIFIER = "com.yujinnee.Melon-iOS";
				PRODUCT_NAME = "$(TARGET_NAME)";
				SWIFT_EMIT_LOC_STRINGS = YES;
				SWIFT_VERSION = 5.0;
				TARGETED_DEVICE_FAMILY = "1,2";
			};
			name = Release;
		};
/* End XCBuildConfiguration section */

/* Begin XCConfigurationList section */
		6AE8B3FB2833665800151DEC /* Build configuration list for PBXProject "Melon-iOS" */ = {
			isa = XCConfigurationList;
			buildConfigurations = (
				6AE8B4122833665A00151DEC /* Debug */,
				6AE8B4132833665A00151DEC /* Release */,
			);
			defaultConfigurationIsVisible = 0;
			defaultConfigurationName = Release;
		};
		6AE8B4142833665A00151DEC /* Build configuration list for PBXNativeTarget "Melon-iOS" */ = {
			isa = XCConfigurationList;
			buildConfigurations = (
				6AE8B4152833665A00151DEC /* Debug */,
				6AE8B4162833665A00151DEC /* Release */,
			);
			defaultConfigurationIsVisible = 0;
			defaultConfigurationName = Release;
		};
/* End XCConfigurationList section */
	};
	rootObject = 6AE8B3F82833665800151DEC /* Project object */;
}
