// !$*UTF8*$!
{
	archiveVersion = 1;
	classes = {
	};
	objectVersion = 55;
	objects = {

/* Begin PBXBuildFile section */
		6A220D7A284A096700B51E31 /* CommentPostingService.swift in Sources */ = {isa = PBXBuildFile; fileRef = 6A220D79284A096700B51E31 /* CommentPostingService.swift */; };
		6A220D7C284A098300B51E31 /* CommentPostingModel.swift in Sources */ = {isa = PBXBuildFile; fileRef = 6A220D7B284A098300B51E31 /* CommentPostingModel.swift */; };
		6A90B57528338F4400E273E5 /* Constant.swift in Sources */ = {isa = PBXBuildFile; fileRef = 6A90B57428338F4400E273E5 /* Constant.swift */; };
		6A90B5772833CFAC00E273E5 /* UIColor+.swift in Sources */ = {isa = PBXBuildFile; fileRef = 6A90B5762833CFAC00E273E5 /* UIColor+.swift */; };
		6A90B5792833CFC800E273E5 /* UIFont+.swift in Sources */ = {isa = PBXBuildFile; fileRef = 6A90B5782833CFC800E273E5 /* UIFont+.swift */; };
		6A90B57B2833CFE000E273E5 /* UILabel+.swift in Sources */ = {isa = PBXBuildFile; fileRef = 6A90B57A2833CFE000E273E5 /* UILabel+.swift */; };
		6A90B57D2833CFF000E273E5 /* UIView+.swift in Sources */ = {isa = PBXBuildFile; fileRef = 6A90B57C2833CFF000E273E5 /* UIView+.swift */; };
		6A90B57F2833D02B00E273E5 /* UIViewController+.swift in Sources */ = {isa = PBXBuildFile; fileRef = 6A90B57E2833D02B00E273E5 /* UIViewController+.swift */; };
		6A90B5812833D04000E273E5 /* UIStackView+.swift in Sources */ = {isa = PBXBuildFile; fileRef = 6A90B5802833D04000E273E5 /* UIStackView+.swift */; };
		6A90B5A028356ACA00E273E5 /* UICollectionViewRegisterable.swift in Sources */ = {isa = PBXBuildFile; fileRef = 6A90B59F28356ACA00E273E5 /* UICollectionViewRegisterable.swift */; };
		6A90B5A228356AE100E273E5 /* UITableViewRegisterable.swift in Sources */ = {isa = PBXBuildFile; fileRef = 6A90B5A128356AE100E273E5 /* UITableViewRegisterable.swift */; };
		6AE8B4042833665800151DEC /* AppDelegate.swift in Sources */ = {isa = PBXBuildFile; fileRef = 6AE8B4032833665800151DEC /* AppDelegate.swift */; };
		6AE8B4062833665800151DEC /* SceneDelegate.swift in Sources */ = {isa = PBXBuildFile; fileRef = 6AE8B4052833665800151DEC /* SceneDelegate.swift */; };
		6AE8B40D2833665A00151DEC /* Assets.xcassets in Resources */ = {isa = PBXBuildFile; fileRef = 6AE8B40C2833665A00151DEC /* Assets.xcassets */; };
		6AE8B4102833665A00151DEC /* LaunchScreen.storyboard in Resources */ = {isa = PBXBuildFile; fileRef = 6AE8B40E2833665A00151DEC /* LaunchScreen.storyboard */; };
		6AE8B42D283370B400151DEC /* Posting.storyboard in Resources */ = {isa = PBXBuildFile; fileRef = 6AE8B42C283370B400151DEC /* Posting.storyboard */; };
		6AE8B433283371EB00151DEC /* PostingVC.swift in Sources */ = {isa = PBXBuildFile; fileRef = 6AE8B432283371EB00151DEC /* PostingVC.swift */; };
		6AE8B4362833720200151DEC /* AlbumVC.swift in Sources */ = {isa = PBXBuildFile; fileRef = 6AE8B4352833720200151DEC /* AlbumVC.swift */; };
		9B0B3F382838FE660012A279 /* AlbumInfoTVC.swift in Sources */ = {isa = PBXBuildFile; fileRef = 9B0B3F362838FE660012A279 /* AlbumInfoTVC.swift */; };
		9B0B3F392838FE660012A279 /* AlbumInfoTVC.xib in Resources */ = {isa = PBXBuildFile; fileRef = 9B0B3F372838FE660012A279 /* AlbumInfoTVC.xib */; };
		9B0B3F402838FECF0012A279 /* AlbumHeadTVC.swift in Sources */ = {isa = PBXBuildFile; fileRef = 9B0B3F3E2838FECF0012A279 /* AlbumHeadTVC.swift */; };
		9B0B3F412838FECF0012A279 /* AlbumHeadTVC.xib in Resources */ = {isa = PBXBuildFile; fileRef = 9B0B3F3F2838FECF0012A279 /* AlbumHeadTVC.xib */; };
		9B0B3F442838FEE30012A279 /* CommentsTVC.swift in Sources */ = {isa = PBXBuildFile; fileRef = 9B0B3F422838FEE30012A279 /* CommentsTVC.swift */; };
		9B0B3F452838FEE30012A279 /* CommentsTVC.xib in Resources */ = {isa = PBXBuildFile; fileRef = 9B0B3F432838FEE30012A279 /* CommentsTVC.xib */; };
		9B18305D2838DBA200E0C13B /* Album.storyboard in Resources */ = {isa = PBXBuildFile; fileRef = 9B18305C2838DBA200E0C13B /* Album.storyboard */; };
		9B3EF10C2840D2EB00AA42AC /* DataModels.swift in Sources */ = {isa = PBXBuildFile; fileRef = 9B3EF10B2840D2EB00AA42AC /* DataModels.swift */; };
		9B3EF1112840DB2F00AA42AC /* MusicProjectTVC.swift in Sources */ = {isa = PBXBuildFile; fileRef = 9B3EF10F2840DB2F00AA42AC /* MusicProjectTVC.swift */; };
		9B3EF1122840DB2F00AA42AC /* MusicProjectTVC.xib in Resources */ = {isa = PBXBuildFile; fileRef = 9B3EF1102840DB2F00AA42AC /* MusicProjectTVC.xib */; };
		9B5CE3A828497DC8002B6C26 /* AlbumInfoModel.swift in Sources */ = {isa = PBXBuildFile; fileRef = 9B5CE3A728497DC8002B6C26 /* AlbumInfoModel.swift */; };
		9B5CE3AA28497EE1002B6C26 /* CommentsModel.swift in Sources */ = {isa = PBXBuildFile; fileRef = 9B5CE3A928497EE0002B6C26 /* CommentsModel.swift */; };
		9B8A3BE4283D93D900A4FDB4 /* PlayBtnCellTVC.swift in Sources */ = {isa = PBXBuildFile; fileRef = 9B8A3BE2283D93D900A4FDB4 /* PlayBtnCellTVC.swift */; };
		9B8A3BE5283D93D900A4FDB4 /* PlayBtnCellTVC.xib in Resources */ = {isa = PBXBuildFile; fileRef = 9B8A3BE3283D93D900A4FDB4 /* PlayBtnCellTVC.xib */; };
		9B8A3BE8283D99DA00A4FDB4 /* AlbumListTitleTVC.swift in Sources */ = {isa = PBXBuildFile; fileRef = 9B8A3BE6283D99DA00A4FDB4 /* AlbumListTitleTVC.swift */; };
		9B8A3BE9283D99DA00A4FDB4 /* AlbumListTitleTVC.xib in Resources */ = {isa = PBXBuildFile; fileRef = 9B8A3BE7283D99DA00A4FDB4 /* AlbumListTitleTVC.xib */; };
		9B8A3BED283D9AB300A4FDB4 /* AlbumListHeaderView.xib in Resources */ = {isa = PBXBuildFile; fileRef = 9B8A3BEB283D9AB300A4FDB4 /* AlbumListHeaderView.xib */; };
		9B8A3BF0283E283E00A4FDB4 /* AlbumListTVC.swift in Sources */ = {isa = PBXBuildFile; fileRef = 9B8A3BEE283E283E00A4FDB4 /* AlbumListTVC.swift */; };
		9B8A3BF1283E283E00A4FDB4 /* AlbumListTVC.xib in Resources */ = {isa = PBXBuildFile; fileRef = 9B8A3BEF283E283E00A4FDB4 /* AlbumListTVC.xib */; };
		9B8A3BF5283EA27200A4FDB4 /* CommentsHeaderView.xib in Resources */ = {isa = PBXBuildFile; fileRef = 9B8A3BF3283EA27200A4FDB4 /* CommentsHeaderView.xib */; };
		9B8E60E6283F69750000A4DC /* Pretendard-Black.ttf in Resources */ = {isa = PBXBuildFile; fileRef = 6A90B5952834A26D00E273E5 /* Pretendard-Black.ttf */; };
		9B8E60E7283F69780000A4DC /* Pretendard-Bold.ttf in Resources */ = {isa = PBXBuildFile; fileRef = 6A90B59A2834A26E00E273E5 /* Pretendard-Bold.ttf */; };
		9B8E60E8283F697B0000A4DC /* Pretendard-ExtraBold.ttf in Resources */ = {isa = PBXBuildFile; fileRef = 6A90B5962834A26D00E273E5 /* Pretendard-ExtraBold.ttf */; };
		9B8E60E9283F697F0000A4DC /* Pretendard-Regular.ttf in Resources */ = {isa = PBXBuildFile; fileRef = 6A90B5982834A26E00E273E5 /* Pretendard-Regular.ttf */; };
		9B8E60EA283F697F0000A4DC /* Pretendard-SemiBold.ttf in Resources */ = {isa = PBXBuildFile; fileRef = 6A90B59B2834A26E00E273E5 /* Pretendard-SemiBold.ttf */; };
		9B8E60EB283F697F0000A4DC /* Pretendard-Thin.ttf in Resources */ = {isa = PBXBuildFile; fileRef = 6A90B5992834A26E00E273E5 /* Pretendard-Thin.ttf */; };
		9B8E60EC283F697F0000A4DC /* Pretendard-ExtraLight.ttf in Resources */ = {isa = PBXBuildFile; fileRef = 6A90B59D2834A26E00E273E5 /* Pretendard-ExtraLight.ttf */; };
		9B8E60ED283F697F0000A4DC /* Pretendard-Light.ttf in Resources */ = {isa = PBXBuildFile; fileRef = 6A90B59C2834A26E00E273E5 /* Pretendard-Light.ttf */; };
		9B8E60EE283F697F0000A4DC /* Pretendard-Medium.ttf in Resources */ = {isa = PBXBuildFile; fileRef = 6A90B5972834A26D00E273E5 /* Pretendard-Medium.ttf */; };
		9B8E60F0283FB5680000A4DC /* AlbumListHeaderView.swift in Sources */ = {isa = PBXBuildFile; fileRef = 9B8E60EF283FB5680000A4DC /* AlbumListHeaderView.swift */; };
		9B8E60F2283FB7230000A4DC /* CommentsHeaderView.swift in Sources */ = {isa = PBXBuildFile; fileRef = 9B8E60F1283FB7230000A4DC /* CommentsHeaderView.swift */; };
		9B8E60F628407E1E0000A4DC /* MainVC.swift in Sources */ = {isa = PBXBuildFile; fileRef = 9B8E60F528407E1E0000A4DC /* MainVC.swift */; };
		9B8E60F828407E250000A4DC /* Main.storyboard in Resources */ = {isa = PBXBuildFile; fileRef = 9B8E60F728407E250000A4DC /* Main.storyboard */; };
		9B8E60FC284080420000A4DC /* FavoriteMusicTVC.swift in Sources */ = {isa = PBXBuildFile; fileRef = 9B8E60FA284080420000A4DC /* FavoriteMusicTVC.swift */; };
		9B8E60FD284080420000A4DC /* FavoriteMusicTVC.xib in Resources */ = {isa = PBXBuildFile; fileRef = 9B8E60FB284080420000A4DC /* FavoriteMusicTVC.xib */; };
		9B8E61012840873D0000A4DC /* FavoriteMusicItemCVC.swift in Sources */ = {isa = PBXBuildFile; fileRef = 9B8E60FF2840873D0000A4DC /* FavoriteMusicItemCVC.swift */; };
		9B8E61022840873D0000A4DC /* FavoriteMusicItemCVC.xib in Resources */ = {isa = PBXBuildFile; fileRef = 9B8E61002840873D0000A4DC /* FavoriteMusicItemCVC.xib */; };
		9B8E610C28408AF90000A4DC /* NewMusicTVC.swift in Sources */ = {isa = PBXBuildFile; fileRef = 9B8E610A28408AF90000A4DC /* NewMusicTVC.swift */; };
		9B8E610D28408AF90000A4DC /* NewMusicTVC.xib in Resources */ = {isa = PBXBuildFile; fileRef = 9B8E610B28408AF90000A4DC /* NewMusicTVC.xib */; };
		9B8E611128408BD20000A4DC /* NewMusicItemCVC.swift in Sources */ = {isa = PBXBuildFile; fileRef = 9B8E610F28408BD20000A4DC /* NewMusicItemCVC.swift */; };
		9B8E611228408BD20000A4DC /* NewMusicItemCVC.xib in Resources */ = {isa = PBXBuildFile; fileRef = 9B8E611028408BD20000A4DC /* NewMusicItemCVC.xib */; };
		9B8E61222840A5630000A4DC /* Top3StackCell.xib in Resources */ = {isa = PBXBuildFile; fileRef = 9B8E61212840A5630000A4DC /* Top3StackCell.xib */; };
		9B8E61262840AEE40000A4DC /* CustomMusicTVC.swift in Sources */ = {isa = PBXBuildFile; fileRef = 9B8E61242840AEE40000A4DC /* CustomMusicTVC.swift */; };
		9B8E61272840AEE40000A4DC /* CustomMusicTVC.xib in Resources */ = {isa = PBXBuildFile; fileRef = 9B8E61252840AEE40000A4DC /* CustomMusicTVC.xib */; };
		9B8E613C2840C3D00000A4DC /* Top3TVC.swift in Sources */ = {isa = PBXBuildFile; fileRef = 9B8E613A2840C3CF0000A4DC /* Top3TVC.swift */; };
		9B8E613D2840C3D00000A4DC /* Top3TVC.xib in Resources */ = {isa = PBXBuildFile; fileRef = 9B8E613B2840C3D00000A4DC /* Top3TVC.xib */; };
		9BAADA232846791700C78E28 /* MainTBC.storyboard in Resources */ = {isa = PBXBuildFile; fileRef = 9BAADA222846791700C78E28 /* MainTBC.storyboard */; };
		9BAADA252846794E00C78E28 /* MainTBC.swift in Sources */ = {isa = PBXBuildFile; fileRef = 9BAADA242846794E00C78E28 /* MainTBC.swift */; };
		9BC6A7A12849F830004B0D7F /* AlbumViewNetwork.swift in Sources */ = {isa = PBXBuildFile; fileRef = 9BC6A7A02849F830004B0D7F /* AlbumViewNetwork.swift */; };
		9BC6A7A3284A1BD7004B0D7F /* loadImagebyURL.swift in Sources */ = {isa = PBXBuildFile; fileRef = 9BC6A7A2284A1BD7004B0D7F /* loadImagebyURL.swift */; };
		E59B66AF2847329E004FE77E /* APIConstants.swift in Sources */ = {isa = PBXBuildFile; fileRef = E59B66AE2847329E004FE77E /* APIConstants.swift */; };
		E59B66B12847347A004FE77E /* NetworkResult.swift in Sources */ = {isa = PBXBuildFile; fileRef = E59B66B02847347A004FE77E /* NetworkResult.swift */; };
		E59B66B3284737B0004FE77E /* FavoriteMusicModel.swift in Sources */ = {isa = PBXBuildFile; fileRef = E59B66B2284737B0004FE77E /* FavoriteMusicModel.swift */; };
		E59B66B5284737C3004FE77E /* NewMusicModel.swift in Sources */ = {isa = PBXBuildFile; fileRef = E59B66B4284737C3004FE77E /* NewMusicModel.swift */; };
		EEC2703D363F815D4CCF1BFB /* Pods_Melon_iOS.framework in Frameworks */ = {isa = PBXBuildFile; fileRef = 8E13D7DF98DACC1A6D5A8213 /* Pods_Melon_iOS.framework */; };
/* End PBXBuildFile section */

/* Begin PBXFileReference section */
		5F56A4703577E27ADFCE2CB4 /* Pods-Melon-iOS.release.xcconfig */ = {isa = PBXFileReference; includeInIndex = 1; lastKnownFileType = text.xcconfig; name = "Pods-Melon-iOS.release.xcconfig"; path = "Target Support Files/Pods-Melon-iOS/Pods-Melon-iOS.release.xcconfig"; sourceTree = "<group>"; };
		6A220D79284A096700B51E31 /* CommentPostingService.swift */ = {isa = PBXFileReference; lastKnownFileType = sourcecode.swift; path = CommentPostingService.swift; sourceTree = "<group>"; };
		6A220D7B284A098300B51E31 /* CommentPostingModel.swift */ = {isa = PBXFileReference; lastKnownFileType = sourcecode.swift; path = CommentPostingModel.swift; sourceTree = "<group>"; };
		6A90B57428338F4400E273E5 /* Constant.swift */ = {isa = PBXFileReference; lastKnownFileType = sourcecode.swift; path = Constant.swift; sourceTree = "<group>"; };
		6A90B5762833CFAC00E273E5 /* UIColor+.swift */ = {isa = PBXFileReference; lastKnownFileType = sourcecode.swift; path = "UIColor+.swift"; sourceTree = "<group>"; };
		6A90B5782833CFC800E273E5 /* UIFont+.swift */ = {isa = PBXFileReference; lastKnownFileType = sourcecode.swift; path = "UIFont+.swift"; sourceTree = "<group>"; };
		6A90B57A2833CFE000E273E5 /* UILabel+.swift */ = {isa = PBXFileReference; lastKnownFileType = sourcecode.swift; path = "UILabel+.swift"; sourceTree = "<group>"; };
		6A90B57C2833CFF000E273E5 /* UIView+.swift */ = {isa = PBXFileReference; lastKnownFileType = sourcecode.swift; path = "UIView+.swift"; sourceTree = "<group>"; };
		6A90B57E2833D02B00E273E5 /* UIViewController+.swift */ = {isa = PBXFileReference; lastKnownFileType = sourcecode.swift; path = "UIViewController+.swift"; sourceTree = "<group>"; };
		6A90B5802833D04000E273E5 /* UIStackView+.swift */ = {isa = PBXFileReference; lastKnownFileType = sourcecode.swift; path = "UIStackView+.swift"; sourceTree = "<group>"; };
		6A90B5952834A26D00E273E5 /* Pretendard-Black.ttf */ = {isa = PBXFileReference; lastKnownFileType = file; path = "Pretendard-Black.ttf"; sourceTree = "<group>"; };
		6A90B5962834A26D00E273E5 /* Pretendard-ExtraBold.ttf */ = {isa = PBXFileReference; lastKnownFileType = file; path = "Pretendard-ExtraBold.ttf"; sourceTree = "<group>"; };
		6A90B5972834A26D00E273E5 /* Pretendard-Medium.ttf */ = {isa = PBXFileReference; lastKnownFileType = file; path = "Pretendard-Medium.ttf"; sourceTree = "<group>"; };
		6A90B5982834A26E00E273E5 /* Pretendard-Regular.ttf */ = {isa = PBXFileReference; lastKnownFileType = file; path = "Pretendard-Regular.ttf"; sourceTree = "<group>"; };
		6A90B5992834A26E00E273E5 /* Pretendard-Thin.ttf */ = {isa = PBXFileReference; lastKnownFileType = file; path = "Pretendard-Thin.ttf"; sourceTree = "<group>"; };
		6A90B59A2834A26E00E273E5 /* Pretendard-Bold.ttf */ = {isa = PBXFileReference; lastKnownFileType = file; path = "Pretendard-Bold.ttf"; sourceTree = "<group>"; };
		6A90B59B2834A26E00E273E5 /* Pretendard-SemiBold.ttf */ = {isa = PBXFileReference; lastKnownFileType = file; path = "Pretendard-SemiBold.ttf"; sourceTree = "<group>"; };
		6A90B59C2834A26E00E273E5 /* Pretendard-Light.ttf */ = {isa = PBXFileReference; lastKnownFileType = file; path = "Pretendard-Light.ttf"; sourceTree = "<group>"; };
		6A90B59D2834A26E00E273E5 /* Pretendard-ExtraLight.ttf */ = {isa = PBXFileReference; lastKnownFileType = file; path = "Pretendard-ExtraLight.ttf"; sourceTree = "<group>"; };
		6A90B59F28356ACA00E273E5 /* UICollectionViewRegisterable.swift */ = {isa = PBXFileReference; lastKnownFileType = sourcecode.swift; path = UICollectionViewRegisterable.swift; sourceTree = "<group>"; };
		6A90B5A128356AE100E273E5 /* UITableViewRegisterable.swift */ = {isa = PBXFileReference; lastKnownFileType = sourcecode.swift; path = UITableViewRegisterable.swift; sourceTree = "<group>"; };
		6AE8B4002833665800151DEC /* Melon-iOS.app */ = {isa = PBXFileReference; explicitFileType = wrapper.application; includeInIndex = 0; path = "Melon-iOS.app"; sourceTree = BUILT_PRODUCTS_DIR; };
		6AE8B4032833665800151DEC /* AppDelegate.swift */ = {isa = PBXFileReference; lastKnownFileType = sourcecode.swift; path = AppDelegate.swift; sourceTree = "<group>"; };
		6AE8B4052833665800151DEC /* SceneDelegate.swift */ = {isa = PBXFileReference; lastKnownFileType = sourcecode.swift; path = SceneDelegate.swift; sourceTree = "<group>"; };
		6AE8B40C2833665A00151DEC /* Assets.xcassets */ = {isa = PBXFileReference; lastKnownFileType = folder.assetcatalog; path = Assets.xcassets; sourceTree = "<group>"; };
		6AE8B40F2833665A00151DEC /* Base */ = {isa = PBXFileReference; lastKnownFileType = file.storyboard; name = Base; path = Base.lproj/LaunchScreen.storyboard; sourceTree = "<group>"; };
		6AE8B4112833665A00151DEC /* Info.plist */ = {isa = PBXFileReference; lastKnownFileType = text.plist.xml; path = Info.plist; sourceTree = "<group>"; };
		6AE8B42928336E5600151DEC /* dummy.swift */ = {isa = PBXFileReference; lastKnownFileType = sourcecode.swift; path = dummy.swift; sourceTree = "<group>"; };
		6AE8B42C283370B400151DEC /* Posting.storyboard */ = {isa = PBXFileReference; lastKnownFileType = file.storyboard; path = Posting.storyboard; sourceTree = "<group>"; };
		6AE8B432283371EB00151DEC /* PostingVC.swift */ = {isa = PBXFileReference; lastKnownFileType = sourcecode.swift; path = PostingVC.swift; sourceTree = "<group>"; };
		6AE8B4352833720200151DEC /* AlbumVC.swift */ = {isa = PBXFileReference; lastKnownFileType = sourcecode.swift; path = AlbumVC.swift; sourceTree = "<group>"; };
		8E13D7DF98DACC1A6D5A8213 /* Pods_Melon_iOS.framework */ = {isa = PBXFileReference; explicitFileType = wrapper.framework; includeInIndex = 0; path = Pods_Melon_iOS.framework; sourceTree = BUILT_PRODUCTS_DIR; };
		9B0B3F362838FE660012A279 /* AlbumInfoTVC.swift */ = {isa = PBXFileReference; lastKnownFileType = sourcecode.swift; path = AlbumInfoTVC.swift; sourceTree = "<group>"; };
		9B0B3F372838FE660012A279 /* AlbumInfoTVC.xib */ = {isa = PBXFileReference; lastKnownFileType = file.xib; path = AlbumInfoTVC.xib; sourceTree = "<group>"; };
		9B0B3F3E2838FECF0012A279 /* AlbumHeadTVC.swift */ = {isa = PBXFileReference; lastKnownFileType = sourcecode.swift; path = AlbumHeadTVC.swift; sourceTree = "<group>"; };
		9B0B3F3F2838FECF0012A279 /* AlbumHeadTVC.xib */ = {isa = PBXFileReference; lastKnownFileType = file.xib; path = AlbumHeadTVC.xib; sourceTree = "<group>"; };
		9B0B3F422838FEE30012A279 /* CommentsTVC.swift */ = {isa = PBXFileReference; lastKnownFileType = sourcecode.swift; path = CommentsTVC.swift; sourceTree = "<group>"; };
		9B0B3F432838FEE30012A279 /* CommentsTVC.xib */ = {isa = PBXFileReference; lastKnownFileType = file.xib; path = CommentsTVC.xib; sourceTree = "<group>"; };
		9B18305C2838DBA200E0C13B /* Album.storyboard */ = {isa = PBXFileReference; lastKnownFileType = file.storyboard; path = Album.storyboard; sourceTree = "<group>"; };
		9B3EF10B2840D2EB00AA42AC /* DataModels.swift */ = {isa = PBXFileReference; lastKnownFileType = sourcecode.swift; path = DataModels.swift; sourceTree = "<group>"; };
		9B3EF10F2840DB2F00AA42AC /* MusicProjectTVC.swift */ = {isa = PBXFileReference; lastKnownFileType = sourcecode.swift; path = MusicProjectTVC.swift; sourceTree = "<group>"; };
		9B3EF1102840DB2F00AA42AC /* MusicProjectTVC.xib */ = {isa = PBXFileReference; lastKnownFileType = file.xib; path = MusicProjectTVC.xib; sourceTree = "<group>"; };
		9B5CE3A728497DC8002B6C26 /* AlbumInfoModel.swift */ = {isa = PBXFileReference; lastKnownFileType = sourcecode.swift; path = AlbumInfoModel.swift; sourceTree = "<group>"; };
		9B5CE3A928497EE0002B6C26 /* CommentsModel.swift */ = {isa = PBXFileReference; lastKnownFileType = sourcecode.swift; path = CommentsModel.swift; sourceTree = "<group>"; };
		9B8A3BE2283D93D900A4FDB4 /* PlayBtnCellTVC.swift */ = {isa = PBXFileReference; lastKnownFileType = sourcecode.swift; path = PlayBtnCellTVC.swift; sourceTree = "<group>"; };
		9B8A3BE3283D93D900A4FDB4 /* PlayBtnCellTVC.xib */ = {isa = PBXFileReference; lastKnownFileType = file.xib; path = PlayBtnCellTVC.xib; sourceTree = "<group>"; };
		9B8A3BE6283D99DA00A4FDB4 /* AlbumListTitleTVC.swift */ = {isa = PBXFileReference; lastKnownFileType = sourcecode.swift; path = AlbumListTitleTVC.swift; sourceTree = "<group>"; };
		9B8A3BE7283D99DA00A4FDB4 /* AlbumListTitleTVC.xib */ = {isa = PBXFileReference; lastKnownFileType = file.xib; path = AlbumListTitleTVC.xib; sourceTree = "<group>"; };
		9B8A3BEB283D9AB300A4FDB4 /* AlbumListHeaderView.xib */ = {isa = PBXFileReference; lastKnownFileType = file.xib; path = AlbumListHeaderView.xib; sourceTree = "<group>"; };
		9B8A3BEE283E283E00A4FDB4 /* AlbumListTVC.swift */ = {isa = PBXFileReference; lastKnownFileType = sourcecode.swift; path = AlbumListTVC.swift; sourceTree = "<group>"; };
		9B8A3BEF283E283E00A4FDB4 /* AlbumListTVC.xib */ = {isa = PBXFileReference; lastKnownFileType = file.xib; path = AlbumListTVC.xib; sourceTree = "<group>"; };
		9B8A3BF3283EA27200A4FDB4 /* CommentsHeaderView.xib */ = {isa = PBXFileReference; lastKnownFileType = file.xib; path = CommentsHeaderView.xib; sourceTree = "<group>"; };
		9B8E60EF283FB5680000A4DC /* AlbumListHeaderView.swift */ = {isa = PBXFileReference; lastKnownFileType = sourcecode.swift; path = AlbumListHeaderView.swift; sourceTree = "<group>"; };
		9B8E60F1283FB7230000A4DC /* CommentsHeaderView.swift */ = {isa = PBXFileReference; lastKnownFileType = sourcecode.swift; path = CommentsHeaderView.swift; sourceTree = "<group>"; };
		9B8E60F528407E1E0000A4DC /* MainVC.swift */ = {isa = PBXFileReference; lastKnownFileType = sourcecode.swift; path = MainVC.swift; sourceTree = "<group>"; };
		9B8E60F728407E250000A4DC /* Main.storyboard */ = {isa = PBXFileReference; lastKnownFileType = file.storyboard; path = Main.storyboard; sourceTree = "<group>"; };
		9B8E60FA284080420000A4DC /* FavoriteMusicTVC.swift */ = {isa = PBXFileReference; lastKnownFileType = sourcecode.swift; path = FavoriteMusicTVC.swift; sourceTree = "<group>"; };
		9B8E60FB284080420000A4DC /* FavoriteMusicTVC.xib */ = {isa = PBXFileReference; lastKnownFileType = file.xib; path = FavoriteMusicTVC.xib; sourceTree = "<group>"; };
		9B8E60FF2840873D0000A4DC /* FavoriteMusicItemCVC.swift */ = {isa = PBXFileReference; lastKnownFileType = sourcecode.swift; path = FavoriteMusicItemCVC.swift; sourceTree = "<group>"; };
		9B8E61002840873D0000A4DC /* FavoriteMusicItemCVC.xib */ = {isa = PBXFileReference; lastKnownFileType = file.xib; path = FavoriteMusicItemCVC.xib; sourceTree = "<group>"; };
		9B8E610A28408AF90000A4DC /* NewMusicTVC.swift */ = {isa = PBXFileReference; lastKnownFileType = sourcecode.swift; path = NewMusicTVC.swift; sourceTree = "<group>"; };
		9B8E610B28408AF90000A4DC /* NewMusicTVC.xib */ = {isa = PBXFileReference; lastKnownFileType = file.xib; path = NewMusicTVC.xib; sourceTree = "<group>"; };
		9B8E610F28408BD20000A4DC /* NewMusicItemCVC.swift */ = {isa = PBXFileReference; lastKnownFileType = sourcecode.swift; path = NewMusicItemCVC.swift; sourceTree = "<group>"; };
		9B8E611028408BD20000A4DC /* NewMusicItemCVC.xib */ = {isa = PBXFileReference; lastKnownFileType = file.xib; path = NewMusicItemCVC.xib; sourceTree = "<group>"; };
		9B8E61212840A5630000A4DC /* Top3StackCell.xib */ = {isa = PBXFileReference; lastKnownFileType = file.xib; path = Top3StackCell.xib; sourceTree = "<group>"; };
		9B8E61242840AEE40000A4DC /* CustomMusicTVC.swift */ = {isa = PBXFileReference; lastKnownFileType = sourcecode.swift; path = CustomMusicTVC.swift; sourceTree = "<group>"; };
		9B8E61252840AEE40000A4DC /* CustomMusicTVC.xib */ = {isa = PBXFileReference; lastKnownFileType = file.xib; path = CustomMusicTVC.xib; sourceTree = "<group>"; };
		9B8E613A2840C3CF0000A4DC /* Top3TVC.swift */ = {isa = PBXFileReference; lastKnownFileType = sourcecode.swift; path = Top3TVC.swift; sourceTree = "<group>"; };
		9B8E613B2840C3D00000A4DC /* Top3TVC.xib */ = {isa = PBXFileReference; lastKnownFileType = file.xib; path = Top3TVC.xib; sourceTree = "<group>"; };
		9BAADA222846791700C78E28 /* MainTBC.storyboard */ = {isa = PBXFileReference; lastKnownFileType = file.storyboard; path = MainTBC.storyboard; sourceTree = "<group>"; };
		9BAADA242846794E00C78E28 /* MainTBC.swift */ = {isa = PBXFileReference; lastKnownFileType = sourcecode.swift; path = MainTBC.swift; sourceTree = "<group>"; };
		9BC6A7A02849F830004B0D7F /* AlbumViewNetwork.swift */ = {isa = PBXFileReference; lastKnownFileType = sourcecode.swift; path = AlbumViewNetwork.swift; sourceTree = "<group>"; };
		9BC6A7A2284A1BD7004B0D7F /* loadImagebyURL.swift */ = {isa = PBXFileReference; lastKnownFileType = sourcecode.swift; path = loadImagebyURL.swift; sourceTree = "<group>"; };
		E59B66AE2847329E004FE77E /* APIConstants.swift */ = {isa = PBXFileReference; lastKnownFileType = sourcecode.swift; path = APIConstants.swift; sourceTree = "<group>"; };
		E59B66B02847347A004FE77E /* NetworkResult.swift */ = {isa = PBXFileReference; lastKnownFileType = sourcecode.swift; path = NetworkResult.swift; sourceTree = "<group>"; };
		E59B66B2284737B0004FE77E /* FavoriteMusicModel.swift */ = {isa = PBXFileReference; lastKnownFileType = sourcecode.swift; path = FavoriteMusicModel.swift; sourceTree = "<group>"; };
		E59B66B4284737C3004FE77E /* NewMusicModel.swift */ = {isa = PBXFileReference; lastKnownFileType = sourcecode.swift; path = NewMusicModel.swift; sourceTree = "<group>"; };
		F2E65E367348C1170BA799CD /* Pods-Melon-iOS.debug.xcconfig */ = {isa = PBXFileReference; includeInIndex = 1; lastKnownFileType = text.xcconfig; name = "Pods-Melon-iOS.debug.xcconfig"; path = "Target Support Files/Pods-Melon-iOS/Pods-Melon-iOS.debug.xcconfig"; sourceTree = "<group>"; };
/* End PBXFileReference section */

/* Begin PBXFrameworksBuildPhase section */
		6AE8B3FD2833665800151DEC /* Frameworks */ = {
			isa = PBXFrameworksBuildPhase;
			buildActionMask = 2147483647;
			files = (
				EEC2703D363F815D4CCF1BFB /* Pods_Melon_iOS.framework in Frameworks */,
			);
			runOnlyForDeploymentPostprocessing = 0;
		};
/* End PBXFrameworksBuildPhase section */

/* Begin PBXGroup section */
		299C95C065003F142A904C8D /* Frameworks */ = {
			isa = PBXGroup;
			children = (
				8E13D7DF98DACC1A6D5A8213 /* Pods_Melon_iOS.framework */,
			);
			name = Frameworks;
			sourceTree = "<group>";
		};
		6A90B5822833E00D00E273E5 /* Font */ = {
			isa = PBXGroup;
			children = (
				6A90B5952834A26D00E273E5 /* Pretendard-Black.ttf */,
				6A90B59A2834A26E00E273E5 /* Pretendard-Bold.ttf */,
				6A90B5962834A26D00E273E5 /* Pretendard-ExtraBold.ttf */,
				6A90B59D2834A26E00E273E5 /* Pretendard-ExtraLight.ttf */,
				6A90B59C2834A26E00E273E5 /* Pretendard-Light.ttf */,
				6A90B5972834A26D00E273E5 /* Pretendard-Medium.ttf */,
				6A90B5982834A26E00E273E5 /* Pretendard-Regular.ttf */,
				6A90B59B2834A26E00E273E5 /* Pretendard-SemiBold.ttf */,
				6A90B5992834A26E00E273E5 /* Pretendard-Thin.ttf */,
			);
			path = Font;
			sourceTree = "<group>";
		};
		6AE8B3F72833665800151DEC = {
			isa = PBXGroup;
			children = (
				6AE8B4022833665800151DEC /* Melon-iOS */,
				6AE8B4012833665800151DEC /* Products */,
				7BB1CE0B642155DBFBD8AEEE /* Pods */,
				299C95C065003F142A904C8D /* Frameworks */,
			);
			sourceTree = "<group>";
		};
		6AE8B4012833665800151DEC /* Products */ = {
			isa = PBXGroup;
			children = (
				6AE8B4002833665800151DEC /* Melon-iOS.app */,
			);
			name = Products;
			sourceTree = "<group>";
		};
		6AE8B4022833665800151DEC /* Melon-iOS */ = {
			isa = PBXGroup;
			children = (
				6AE8B41728336C1F00151DEC /* Global */,
				6AE8B41828336C2900151DEC /* Source */,
				6AE8B41928336C3100151DEC /* Resource */,
				6AE8B40C2833665A00151DEC /* Assets.xcassets */,
				6AE8B40E2833665A00151DEC /* LaunchScreen.storyboard */,
				6AE8B4112833665A00151DEC /* Info.plist */,
			);
			path = "Melon-iOS";
			sourceTree = "<group>";
		};
		6AE8B41728336C1F00151DEC /* Global */ = {
			isa = PBXGroup;
			children = (
				6AE8B41C28336D1800151DEC /* Protocol */,
				6AE8B41B28336D0D00151DEC /* Extension */,
				6AE8B41A28336D0300151DEC /* Constant */,
			);
			path = Global;
			sourceTree = "<group>";
		};
		6AE8B41828336C2900151DEC /* Source */ = {
			isa = PBXGroup;
			children = (
				6AE8B41F28336D3C00151DEC /* Screen */,
				6AE8B41E28336D3300151DEC /* Network */,
				6AE8B41D28336D2700151DEC /* Model */,
			);
			path = Source;
			sourceTree = "<group>";
		};
		6AE8B41928336C3100151DEC /* Resource */ = {
			isa = PBXGroup;
			children = (
				9B18305E2838DBB900E0C13B /* Storyboard */,
				6A90B5822833E00D00E273E5 /* Font */,
				6AE8B42B28336E7500151DEC /* Support */,
			);
			path = Resource;
			sourceTree = "<group>";
		};
		6AE8B41A28336D0300151DEC /* Constant */ = {
			isa = PBXGroup;
			children = (
				6A90B57428338F4400E273E5 /* Constant.swift */,
			);
			path = Constant;
			sourceTree = "<group>";
		};
		6AE8B41B28336D0D00151DEC /* Extension */ = {
			isa = PBXGroup;
			children = (
				6A90B5762833CFAC00E273E5 /* UIColor+.swift */,
				6A90B5782833CFC800E273E5 /* UIFont+.swift */,
				6A90B57A2833CFE000E273E5 /* UILabel+.swift */,
				6A90B57C2833CFF000E273E5 /* UIView+.swift */,
				6A90B57E2833D02B00E273E5 /* UIViewController+.swift */,
				6A90B5802833D04000E273E5 /* UIStackView+.swift */,
				9BC6A7A2284A1BD7004B0D7F /* loadImagebyURL.swift */,
			);
			path = Extension;
			sourceTree = "<group>";
		};
		6AE8B41C28336D1800151DEC /* Protocol */ = {
			isa = PBXGroup;
			children = (
				6A90B59F28356ACA00E273E5 /* UICollectionViewRegisterable.swift */,
				6A90B5A128356AE100E273E5 /* UITableViewRegisterable.swift */,
			);
			path = Protocol;
			sourceTree = "<group>";
		};
		6AE8B41D28336D2700151DEC /* Model */ = {
			isa = PBXGroup;
			children = (
				9B3EF10B2840D2EB00AA42AC /* DataModels.swift */,
				E59B66B2284737B0004FE77E /* FavoriteMusicModel.swift */,
				9B5CE3A728497DC8002B6C26 /* AlbumInfoModel.swift */,
				9B5CE3A928497EE0002B6C26 /* CommentsModel.swift */,
				E59B66B4284737C3004FE77E /* NewMusicModel.swift */,
				6A220D7B284A098300B51E31 /* CommentPostingModel.swift */,
			);
			path = Model;
			sourceTree = "<group>";
		};
		6AE8B41E28336D3300151DEC /* Network */ = {
			isa = PBXGroup;
			children = (
				6AE8B42928336E5600151DEC /* dummy.swift */,
				E59B66AE2847329E004FE77E /* APIConstants.swift */,
				E59B66B02847347A004FE77E /* NetworkResult.swift */,
				9BC6A7A02849F830004B0D7F /* AlbumViewNetwork.swift */,
				6A220D79284A096700B51E31 /* CommentPostingService.swift */,
			);
			path = Network;
			sourceTree = "<group>";
		};
		6AE8B41F28336D3C00151DEC /* Screen */ = {
			isa = PBXGroup;
			children = (
				6AE8B42028336D4400151DEC /* Main */,
				6AE8B42228336D7800151DEC /* Posting */,
				6AE8B42128336D7100151DEC /* Album */,
				9BAADA242846794E00C78E28 /* MainTBC.swift */,
			);
			path = Screen;
			sourceTree = "<group>";
		};
		6AE8B42028336D4400151DEC /* Main */ = {
			isa = PBXGroup;
			children = (
				9BAADA202846783000C78E28 /* Cell */,
				9BAADA1F2846782B00C78E28 /* VC */,
			);
			path = Main;
			sourceTree = "<group>";
		};
		6AE8B42128336D7100151DEC /* Album */ = {
			isa = PBXGroup;
			children = (
				9BAADA172846769300C78E28 /* Cell */,
				9BAADA162846769100C78E28 /* VC */,
			);
			path = Album;
			sourceTree = "<group>";
		};
		6AE8B42228336D7800151DEC /* Posting */ = {
			isa = PBXGroup;
			children = (
				6AE8B432283371EB00151DEC /* PostingVC.swift */,
			);
			path = Posting;
			sourceTree = "<group>";
		};
		6AE8B42B28336E7500151DEC /* Support */ = {
			isa = PBXGroup;
			children = (
				6AE8B4032833665800151DEC /* AppDelegate.swift */,
				6AE8B4052833665800151DEC /* SceneDelegate.swift */,
			);
			path = Support;
			sourceTree = "<group>";
		};
		7BB1CE0B642155DBFBD8AEEE /* Pods */ = {
			isa = PBXGroup;
			children = (
				F2E65E367348C1170BA799CD /* Pods-Melon-iOS.debug.xcconfig */,
				5F56A4703577E27ADFCE2CB4 /* Pods-Melon-iOS.release.xcconfig */,
			);
			path = Pods;
			sourceTree = "<group>";
		};
		9B18305E2838DBB900E0C13B /* Storyboard */ = {
			isa = PBXGroup;
			children = (
				9BAADA222846791700C78E28 /* MainTBC.storyboard */,
				6AE8B42C283370B400151DEC /* Posting.storyboard */,
				9B18305C2838DBA200E0C13B /* Album.storyboard */,
				9B8E60F728407E250000A4DC /* Main.storyboard */,
			);
			path = Storyboard;
			sourceTree = "<group>";
		};
		9B8E60F9284080130000A4DC /* 00 FavoriteMusic */ = {
			isa = PBXGroup;
			children = (
				9B8E60FA284080420000A4DC /* FavoriteMusicTVC.swift */,
				9B8E60FB284080420000A4DC /* FavoriteMusicTVC.xib */,
				9B8E60FE2840870C0000A4DC /* FavoriteMusicItem */,
			);
			path = "00 FavoriteMusic";
			sourceTree = "<group>";
		};
		9B8E60FE2840870C0000A4DC /* FavoriteMusicItem */ = {
			isa = PBXGroup;
			children = (
				9B8E60FF2840873D0000A4DC /* FavoriteMusicItemCVC.swift */,
				9B8E61002840873D0000A4DC /* FavoriteMusicItemCVC.xib */,
			);
			path = FavoriteMusicItem;
			sourceTree = "<group>";
		};
		9B8E61042840897E0000A4DC /* 01 MusicProject */ = {
			isa = PBXGroup;
			children = (
				9B3EF10F2840DB2F00AA42AC /* MusicProjectTVC.swift */,
				9B3EF1102840DB2F00AA42AC /* MusicProjectTVC.xib */,
			);
			path = "01 MusicProject";
			sourceTree = "<group>";
		};
		9B8E610928408ADE0000A4DC /* 02 NewMusic */ = {
			isa = PBXGroup;
			children = (
				9B8E610E28408BBB0000A4DC /* NewMusicItem */,
				9B8E610A28408AF90000A4DC /* NewMusicTVC.swift */,
				9B8E610B28408AF90000A4DC /* NewMusicTVC.xib */,
			);
			path = "02 NewMusic";
			sourceTree = "<group>";
		};
		9B8E610E28408BBB0000A4DC /* NewMusicItem */ = {
			isa = PBXGroup;
			children = (
				9B8E610F28408BD20000A4DC /* NewMusicItemCVC.swift */,
				9B8E611028408BD20000A4DC /* NewMusicItemCVC.xib */,
			);
			path = NewMusicItem;
			sourceTree = "<group>";
		};
		9B8E6113284092310000A4DC /* 03 Top3 */ = {
			isa = PBXGroup;
			children = (
				9B8E613A2840C3CF0000A4DC /* Top3TVC.swift */,
				9B8E613B2840C3D00000A4DC /* Top3TVC.xib */,
				9B8E61212840A5630000A4DC /* Top3StackCell.xib */,
			);
			path = "03 Top3";
			sourceTree = "<group>";
		};
		9B8E61232840AEC30000A4DC /* 04 CustomMusic */ = {
			isa = PBXGroup;
			children = (
				9B8E61242840AEE40000A4DC /* CustomMusicTVC.swift */,
				9B8E61252840AEE40000A4DC /* CustomMusicTVC.xib */,
			);
			path = "04 CustomMusic";
			sourceTree = "<group>";
		};
		9BAADA162846769100C78E28 /* VC */ = {
			isa = PBXGroup;
			children = (
				6AE8B4352833720200151DEC /* AlbumVC.swift */,
			);
			path = VC;
			sourceTree = "<group>";
		};
		9BAADA172846769300C78E28 /* Cell */ = {
			isa = PBXGroup;
			children = (
				9BAADA1D2846772B00C78E28 /* 04 Comments */,
				9BAADA1C2846771100C78E28 /* 03 AlbumInfo */,
				9BAADA19284676B200C78E28 /* 02 AlbumList */,
				9BAADA1B2846770400C78E28 /* 01 PlayBtnCell */,
				9BAADA1A284676ED00C78E28 /* 00 AlbumHead */,
			);
			path = Cell;
			sourceTree = "<group>";
		};
		9BAADA19284676B200C78E28 /* 02 AlbumList */ = {
			isa = PBXGroup;
			children = (
				9B8A3BE6283D99DA00A4FDB4 /* AlbumListTitleTVC.swift */,
				9B8A3BE7283D99DA00A4FDB4 /* AlbumListTitleTVC.xib */,
				9B8E60EF283FB5680000A4DC /* AlbumListHeaderView.swift */,
				9B8A3BEE283E283E00A4FDB4 /* AlbumListTVC.swift */,
				9B8A3BEF283E283E00A4FDB4 /* AlbumListTVC.xib */,
				9B8A3BEB283D9AB300A4FDB4 /* AlbumListHeaderView.xib */,
			);
			path = "02 AlbumList";
			sourceTree = "<group>";
		};
		9BAADA1A284676ED00C78E28 /* 00 AlbumHead */ = {
			isa = PBXGroup;
			children = (
				9B0B3F3E2838FECF0012A279 /* AlbumHeadTVC.swift */,
				9B0B3F3F2838FECF0012A279 /* AlbumHeadTVC.xib */,
			);
			path = "00 AlbumHead";
			sourceTree = "<group>";
		};
		9BAADA1B2846770400C78E28 /* 01 PlayBtnCell */ = {
			isa = PBXGroup;
			children = (
				9B8A3BE2283D93D900A4FDB4 /* PlayBtnCellTVC.swift */,
				9B8A3BE3283D93D900A4FDB4 /* PlayBtnCellTVC.xib */,
			);
			path = "01 PlayBtnCell";
			sourceTree = "<group>";
		};
		9BAADA1C2846771100C78E28 /* 03 AlbumInfo */ = {
			isa = PBXGroup;
			children = (
				9B0B3F362838FE660012A279 /* AlbumInfoTVC.swift */,
				9B0B3F372838FE660012A279 /* AlbumInfoTVC.xib */,
			);
			path = "03 AlbumInfo";
			sourceTree = "<group>";
		};
		9BAADA1D2846772B00C78E28 /* 04 Comments */ = {
			isa = PBXGroup;
			children = (
				9B0B3F422838FEE30012A279 /* CommentsTVC.swift */,
				9B0B3F432838FEE30012A279 /* CommentsTVC.xib */,
				9B8A3BF3283EA27200A4FDB4 /* CommentsHeaderView.xib */,
				9B8E60F1283FB7230000A4DC /* CommentsHeaderView.swift */,
			);
			path = "04 Comments";
			sourceTree = "<group>";
		};
		9BAADA1F2846782B00C78E28 /* VC */ = {
			isa = PBXGroup;
			children = (
				9B8E60F528407E1E0000A4DC /* MainVC.swift */,
			);
			path = VC;
			sourceTree = "<group>";
		};
		9BAADA202846783000C78E28 /* Cell */ = {
			isa = PBXGroup;
			children = (
				9B8E61232840AEC30000A4DC /* 04 CustomMusic */,
				9B8E6113284092310000A4DC /* 03 Top3 */,
				9B8E610928408ADE0000A4DC /* 02 NewMusic */,
				9B8E61042840897E0000A4DC /* 01 MusicProject */,
				9B8E60F9284080130000A4DC /* 00 FavoriteMusic */,
			);
			path = Cell;
			sourceTree = "<group>";
		};
/* End PBXGroup section */

/* Begin PBXNativeTarget section */
		6AE8B3FF2833665800151DEC /* Melon-iOS */ = {
			isa = PBXNativeTarget;
			buildConfigurationList = 6AE8B4142833665A00151DEC /* Build configuration list for PBXNativeTarget "Melon-iOS" */;
			buildPhases = (
				909963D0CACB80E7E92396ED /* [CP] Check Pods Manifest.lock */,
				6AE8B3FC2833665800151DEC /* Sources */,
				6AE8B3FD2833665800151DEC /* Frameworks */,
				6AE8B3FE2833665800151DEC /* Resources */,
				1B48384FD629675832FFB6D5 /* [CP] Embed Pods Frameworks */,
			);
			buildRules = (
			);
			dependencies = (
			);
			name = "Melon-iOS";
			productName = "Melon-iOS";
			productReference = 6AE8B4002833665800151DEC /* Melon-iOS.app */;
			productType = "com.apple.product-type.application";
		};
/* End PBXNativeTarget section */

/* Begin PBXProject section */
		6AE8B3F82833665800151DEC /* Project object */ = {
			isa = PBXProject;
			attributes = {
				BuildIndependentTargetsInParallel = 1;
				LastSwiftUpdateCheck = 1330;
				LastUpgradeCheck = 1330;
				TargetAttributes = {
					6AE8B3FF2833665800151DEC = {
						CreatedOnToolsVersion = 13.3.1;
					};
				};
			};
			buildConfigurationList = 6AE8B3FB2833665800151DEC /* Build configuration list for PBXProject "Melon-iOS" */;
			compatibilityVersion = "Xcode 13.0";
			developmentRegion = en;
			hasScannedForEncodings = 0;
			knownRegions = (
				en,
				Base,
			);
			mainGroup = 6AE8B3F72833665800151DEC;
			productRefGroup = 6AE8B4012833665800151DEC /* Products */;
			projectDirPath = "";
			projectRoot = "";
			targets = (
				6AE8B3FF2833665800151DEC /* Melon-iOS */,
			);
		};
/* End PBXProject section */

/* Begin PBXResourcesBuildPhase section */
		6AE8B3FE2833665800151DEC /* Resources */ = {
			isa = PBXResourcesBuildPhase;
			buildActionMask = 2147483647;
			files = (
				9B8E61222840A5630000A4DC /* Top3StackCell.xib in Resources */,
				9B8E60EA283F697F0000A4DC /* Pretendard-SemiBold.ttf in Resources */,
				6AE8B4102833665A00151DEC /* LaunchScreen.storyboard in Resources */,
				9B8E60E7283F69780000A4DC /* Pretendard-Bold.ttf in Resources */,
				9B8E60F828407E250000A4DC /* Main.storyboard in Resources */,
				9B8E60E9283F697F0000A4DC /* Pretendard-Regular.ttf in Resources */,
				9B8E61272840AEE40000A4DC /* CustomMusicTVC.xib in Resources */,
				9B0B3F412838FECF0012A279 /* AlbumHeadTVC.xib in Resources */,
				9B8A3BE9283D99DA00A4FDB4 /* AlbumListTitleTVC.xib in Resources */,
				9B3EF1122840DB2F00AA42AC /* MusicProjectTVC.xib in Resources */,
				9BAADA232846791700C78E28 /* MainTBC.storyboard in Resources */,
				9B8E60ED283F697F0000A4DC /* Pretendard-Light.ttf in Resources */,
				6AE8B42D283370B400151DEC /* Posting.storyboard in Resources */,
				9B8E61022840873D0000A4DC /* FavoriteMusicItemCVC.xib in Resources */,
				9B8E60EE283F697F0000A4DC /* Pretendard-Medium.ttf in Resources */,
				9B8E60EC283F697F0000A4DC /* Pretendard-ExtraLight.ttf in Resources */,
				9B8E613D2840C3D00000A4DC /* Top3TVC.xib in Resources */,
				9B8E60FD284080420000A4DC /* FavoriteMusicTVC.xib in Resources */,
				6AE8B40D2833665A00151DEC /* Assets.xcassets in Resources */,
				9B8A3BED283D9AB300A4FDB4 /* AlbumListHeaderView.xib in Resources */,
				9B8E60EB283F697F0000A4DC /* Pretendard-Thin.ttf in Resources */,
				9B8E60E6283F69750000A4DC /* Pretendard-Black.ttf in Resources */,
				9B8E610D28408AF90000A4DC /* NewMusicTVC.xib in Resources */,
				9B8A3BE5283D93D900A4FDB4 /* PlayBtnCellTVC.xib in Resources */,
				9B18305D2838DBA200E0C13B /* Album.storyboard in Resources */,
				9B0B3F392838FE660012A279 /* AlbumInfoTVC.xib in Resources */,
				9B8A3BF1283E283E00A4FDB4 /* AlbumListTVC.xib in Resources */,
				9B8A3BF5283EA27200A4FDB4 /* CommentsHeaderView.xib in Resources */,
				9B0B3F452838FEE30012A279 /* CommentsTVC.xib in Resources */,
				9B8E611228408BD20000A4DC /* NewMusicItemCVC.xib in Resources */,
				9B8E60E8283F697B0000A4DC /* Pretendard-ExtraBold.ttf in Resources */,
			);
			runOnlyForDeploymentPostprocessing = 0;
		};
/* End PBXResourcesBuildPhase section */

/* Begin PBXShellScriptBuildPhase section */
		1B48384FD629675832FFB6D5 /* [CP] Embed Pods Frameworks */ = {
			isa = PBXShellScriptBuildPhase;
			buildActionMask = 2147483647;
			files = (
			);
			inputFileListPaths = (
				"${PODS_ROOT}/Target Support Files/Pods-Melon-iOS/Pods-Melon-iOS-frameworks-${CONFIGURATION}-input-files.xcfilelist",
			);
			name = "[CP] Embed Pods Frameworks";
			outputFileListPaths = (
				"${PODS_ROOT}/Target Support Files/Pods-Melon-iOS/Pods-Melon-iOS-frameworks-${CONFIGURATION}-output-files.xcfilelist",
			);
			runOnlyForDeploymentPostprocessing = 0;
			shellPath = /bin/sh;
			shellScript = "\"${PODS_ROOT}/Target Support Files/Pods-Melon-iOS/Pods-Melon-iOS-frameworks.sh\"\n";
			showEnvVarsInLog = 0;
		};
		909963D0CACB80E7E92396ED /* [CP] Check Pods Manifest.lock */ = {
			isa = PBXShellScriptBuildPhase;
			buildActionMask = 2147483647;
			files = (
			);
			inputFileListPaths = (
			);
			inputPaths = (
				"${PODS_PODFILE_DIR_PATH}/Podfile.lock",
				"${PODS_ROOT}/Manifest.lock",
			);
			name = "[CP] Check Pods Manifest.lock";
			outputFileListPaths = (
			);
			outputPaths = (
				"$(DERIVED_FILE_DIR)/Pods-Melon-iOS-checkManifestLockResult.txt",
			);
			runOnlyForDeploymentPostprocessing = 0;
			shellPath = /bin/sh;
			shellScript = "diff \"${PODS_PODFILE_DIR_PATH}/Podfile.lock\" \"${PODS_ROOT}/Manifest.lock\" > /dev/null\nif [ $? != 0 ] ; then\n    # print error to STDERR\n    echo \"error: The sandbox is not in sync with the Podfile.lock. Run 'pod install' or update your CocoaPods installation.\" >&2\n    exit 1\nfi\n# This output is used by Xcode 'outputs' to avoid re-running this script phase.\necho \"SUCCESS\" > \"${SCRIPT_OUTPUT_FILE_0}\"\n";
			showEnvVarsInLog = 0;
		};
/* End PBXShellScriptBuildPhase section */

/* Begin PBXSourcesBuildPhase section */
		6AE8B3FC2833665800151DEC /* Sources */ = {
			isa = PBXSourcesBuildPhase;
			buildActionMask = 2147483647;
			files = (
				9B8E60F2283FB7230000A4DC /* CommentsHeaderView.swift in Sources */,
				9B8E611128408BD20000A4DC /* NewMusicItemCVC.swift in Sources */,
				E59B66B3284737B0004FE77E /* FavoriteMusicModel.swift in Sources */,
				6A90B57D2833CFF000E273E5 /* UIView+.swift in Sources */,
				6AE8B4362833720200151DEC /* AlbumVC.swift in Sources */,
				9BC6A7A12849F830004B0D7F /* AlbumViewNetwork.swift in Sources */,
				6A90B5A228356AE100E273E5 /* UITableViewRegisterable.swift in Sources */,
				6A90B5792833CFC800E273E5 /* UIFont+.swift in Sources */,
				6A90B57528338F4400E273E5 /* Constant.swift in Sources */,
				9B3EF10C2840D2EB00AA42AC /* DataModels.swift in Sources */,
				9B5CE3A828497DC8002B6C26 /* AlbumInfoModel.swift in Sources */,
				9B8E613C2840C3D00000A4DC /* Top3TVC.swift in Sources */,
				9B0B3F442838FEE30012A279 /* CommentsTVC.swift in Sources */,
				6A220D7C284A098300B51E31 /* CommentPostingModel.swift in Sources */,
				9B0B3F402838FECF0012A279 /* AlbumHeadTVC.swift in Sources */,
				9BC6A7A3284A1BD7004B0D7F /* loadImagebyURL.swift in Sources */,
				9B5CE3AA28497EE1002B6C26 /* CommentsModel.swift in Sources */,
				9B8A3BE8283D99DA00A4FDB4 /* AlbumListTitleTVC.swift in Sources */,
				9B8E60F0283FB5680000A4DC /* AlbumListHeaderView.swift in Sources */,
				6AE8B433283371EB00151DEC /* PostingVC.swift in Sources */,
				E59B66B12847347A004FE77E /* NetworkResult.swift in Sources */,
				9B0B3F382838FE660012A279 /* AlbumInfoTVC.swift in Sources */,
				9B8E60F628407E1E0000A4DC /* MainVC.swift in Sources */,
				9B8E61262840AEE40000A4DC /* CustomMusicTVC.swift in Sources */,
				9BAADA252846794E00C78E28 /* MainTBC.swift in Sources */,
				9B8A3BF0283E283E00A4FDB4 /* AlbumListTVC.swift in Sources */,
				6A90B5812833D04000E273E5 /* UIStackView+.swift in Sources */,
				9B8E61012840873D0000A4DC /* FavoriteMusicItemCVC.swift in Sources */,
				6A90B57B2833CFE000E273E5 /* UILabel+.swift in Sources */,
				E59B66AF2847329E004FE77E /* APIConstants.swift in Sources */,
				9B8E60FC284080420000A4DC /* FavoriteMusicTVC.swift in Sources */,
				6AE8B4042833665800151DEC /* AppDelegate.swift in Sources */,
				6A90B57F2833D02B00E273E5 /* UIViewController+.swift in Sources */,
				9B3EF1112840DB2F00AA42AC /* MusicProjectTVC.swift in Sources */,
				E59B66B5284737C3004FE77E /* NewMusicModel.swift in Sources */,
				6A90B5A028356ACA00E273E5 /* UICollectionViewRegisterable.swift in Sources */,
				9B8E610C28408AF90000A4DC /* NewMusicTVC.swift in Sources */,
				6AE8B4062833665800151DEC /* SceneDelegate.swift in Sources */,
				9B8A3BE4283D93D900A4FDB4 /* PlayBtnCellTVC.swift in Sources */,
				6A220D7A284A096700B51E31 /* CommentPostingService.swift in Sources */,
				6A90B5772833CFAC00E273E5 /* UIColor+.swift in Sources */,
			);
			runOnlyForDeploymentPostprocessing = 0;
		};
/* End PBXSourcesBuildPhase section */

/* Begin PBXVariantGroup section */
		6AE8B40E2833665A00151DEC /* LaunchScreen.storyboard */ = {
			isa = PBXVariantGroup;
			children = (
				6AE8B40F2833665A00151DEC /* Base */,
			);
			name = LaunchScreen.storyboard;
			sourceTree = "<group>";
		};
/* End PBXVariantGroup section */

/* Begin XCBuildConfiguration section */
		6AE8B4122833665A00151DEC /* Debug */ = {
			isa = XCBuildConfiguration;
			buildSettings = {
				ALWAYS_SEARCH_USER_PATHS = NO;
				CLANG_ANALYZER_NONNULL = YES;
				CLANG_ANALYZER_NUMBER_OBJECT_CONVERSION = YES_AGGRESSIVE;
				CLANG_CXX_LANGUAGE_STANDARD = "gnu++17";
				CLANG_ENABLE_MODULES = YES;
				CLANG_ENABLE_OBJC_ARC = YES;
				CLANG_ENABLE_OBJC_WEAK = YES;
				CLANG_WARN_BLOCK_CAPTURE_AUTORELEASING = YES;
				CLANG_WARN_BOOL_CONVERSION = YES;
				CLANG_WARN_COMMA = YES;
				CLANG_WARN_CONSTANT_CONVERSION = YES;
				CLANG_WARN_DEPRECATED_OBJC_IMPLEMENTATIONS = YES;
				CLANG_WARN_DIRECT_OBJC_ISA_USAGE = YES_ERROR;
				CLANG_WARN_DOCUMENTATION_COMMENTS = YES;
				CLANG_WARN_EMPTY_BODY = YES;
				CLANG_WARN_ENUM_CONVERSION = YES;
				CLANG_WARN_INFINITE_RECURSION = YES;
				CLANG_WARN_INT_CONVERSION = YES;
				CLANG_WARN_NON_LITERAL_NULL_CONVERSION = YES;
				CLANG_WARN_OBJC_IMPLICIT_RETAIN_SELF = YES;
				CLANG_WARN_OBJC_LITERAL_CONVERSION = YES;
				CLANG_WARN_OBJC_ROOT_CLASS = YES_ERROR;
				CLANG_WARN_QUOTED_INCLUDE_IN_FRAMEWORK_HEADER = YES;
				CLANG_WARN_RANGE_LOOP_ANALYSIS = YES;
				CLANG_WARN_STRICT_PROTOTYPES = YES;
				CLANG_WARN_SUSPICIOUS_MOVE = YES;
				CLANG_WARN_UNGUARDED_AVAILABILITY = YES_AGGRESSIVE;
				CLANG_WARN_UNREACHABLE_CODE = YES;
				CLANG_WARN__DUPLICATE_METHOD_MATCH = YES;
				COPY_PHASE_STRIP = NO;
				DEBUG_INFORMATION_FORMAT = dwarf;
				ENABLE_STRICT_OBJC_MSGSEND = YES;
				ENABLE_TESTABILITY = YES;
				GCC_C_LANGUAGE_STANDARD = gnu11;
				GCC_DYNAMIC_NO_PIC = NO;
				GCC_NO_COMMON_BLOCKS = YES;
				GCC_OPTIMIZATION_LEVEL = 0;
				GCC_PREPROCESSOR_DEFINITIONS = (
					"DEBUG=1",
					"$(inherited)",
				);
				GCC_WARN_64_TO_32_BIT_CONVERSION = YES;
				GCC_WARN_ABOUT_RETURN_TYPE = YES_ERROR;
				GCC_WARN_UNDECLARED_SELECTOR = YES;
				GCC_WARN_UNINITIALIZED_AUTOS = YES_AGGRESSIVE;
				GCC_WARN_UNUSED_FUNCTION = YES;
				GCC_WARN_UNUSED_VARIABLE = YES;
				IPHONEOS_DEPLOYMENT_TARGET = 15.4;
				MTL_ENABLE_DEBUG_INFO = INCLUDE_SOURCE;
				MTL_FAST_MATH = YES;
				ONLY_ACTIVE_ARCH = YES;
				SDKROOT = iphoneos;
				SWIFT_ACTIVE_COMPILATION_CONDITIONS = DEBUG;
				SWIFT_OPTIMIZATION_LEVEL = "-Onone";
			};
			name = Debug;
		};
		6AE8B4132833665A00151DEC /* Release */ = {
			isa = XCBuildConfiguration;
			buildSettings = {
				ALWAYS_SEARCH_USER_PATHS = NO;
				CLANG_ANALYZER_NONNULL = YES;
				CLANG_ANALYZER_NUMBER_OBJECT_CONVERSION = YES_AGGRESSIVE;
				CLANG_CXX_LANGUAGE_STANDARD = "gnu++17";
				CLANG_ENABLE_MODULES = YES;
				CLANG_ENABLE_OBJC_ARC = YES;
				CLANG_ENABLE_OBJC_WEAK = YES;
				CLANG_WARN_BLOCK_CAPTURE_AUTORELEASING = YES;
				CLANG_WARN_BOOL_CONVERSION = YES;
				CLANG_WARN_COMMA = YES;
				CLANG_WARN_CONSTANT_CONVERSION = YES;
				CLANG_WARN_DEPRECATED_OBJC_IMPLEMENTATIONS = YES;
				CLANG_WARN_DIRECT_OBJC_ISA_USAGE = YES_ERROR;
				CLANG_WARN_DOCUMENTATION_COMMENTS = YES;
				CLANG_WARN_EMPTY_BODY = YES;
				CLANG_WARN_ENUM_CONVERSION = YES;
				CLANG_WARN_INFINITE_RECURSION = YES;
				CLANG_WARN_INT_CONVERSION = YES;
				CLANG_WARN_NON_LITERAL_NULL_CONVERSION = YES;
				CLANG_WARN_OBJC_IMPLICIT_RETAIN_SELF = YES;
				CLANG_WARN_OBJC_LITERAL_CONVERSION = YES;
				CLANG_WARN_OBJC_ROOT_CLASS = YES_ERROR;
				CLANG_WARN_QUOTED_INCLUDE_IN_FRAMEWORK_HEADER = YES;
				CLANG_WARN_RANGE_LOOP_ANALYSIS = YES;
				CLANG_WARN_STRICT_PROTOTYPES = YES;
				CLANG_WARN_SUSPICIOUS_MOVE = YES;
				CLANG_WARN_UNGUARDED_AVAILABILITY = YES_AGGRESSIVE;
				CLANG_WARN_UNREACHABLE_CODE = YES;
				CLANG_WARN__DUPLICATE_METHOD_MATCH = YES;
				COPY_PHASE_STRIP = NO;
				DEBUG_INFORMATION_FORMAT = "dwarf-with-dsym";
				ENABLE_NS_ASSERTIONS = NO;
				ENABLE_STRICT_OBJC_MSGSEND = YES;
				GCC_C_LANGUAGE_STANDARD = gnu11;
				GCC_NO_COMMON_BLOCKS = YES;
				GCC_WARN_64_TO_32_BIT_CONVERSION = YES;
				GCC_WARN_ABOUT_RETURN_TYPE = YES_ERROR;
				GCC_WARN_UNDECLARED_SELECTOR = YES;
				GCC_WARN_UNINITIALIZED_AUTOS = YES_AGGRESSIVE;
				GCC_WARN_UNUSED_FUNCTION = YES;
				GCC_WARN_UNUSED_VARIABLE = YES;
				IPHONEOS_DEPLOYMENT_TARGET = 15.4;
				MTL_ENABLE_DEBUG_INFO = NO;
				MTL_FAST_MATH = YES;
				SDKROOT = iphoneos;
				SWIFT_COMPILATION_MODE = wholemodule;
				SWIFT_OPTIMIZATION_LEVEL = "-O";
				VALIDATE_PRODUCT = YES;
			};
			name = Release;
		};
		6AE8B4152833665A00151DEC /* Debug */ = {
			isa = XCBuildConfiguration;
			baseConfigurationReference = F2E65E367348C1170BA799CD /* Pods-Melon-iOS.debug.xcconfig */;
			buildSettings = {
				ASSETCATALOG_COMPILER_APPICON_NAME = AppIcon;
				ASSETCATALOG_COMPILER_GLOBAL_ACCENT_COLOR_NAME = AccentColor;
				CODE_SIGN_STYLE = Automatic;
				CURRENT_PROJECT_VERSION = 1;
				DEVELOPMENT_TEAM = H7X76GFF7D;
				GENERATE_INFOPLIST_FILE = YES;
				INFOPLIST_FILE = "Melon-iOS/Info.plist";
				INFOPLIST_KEY_UIApplicationSupportsIndirectInputEvents = YES;
				INFOPLIST_KEY_UILaunchStoryboardName = LaunchScreen;
				INFOPLIST_KEY_UIMainStoryboardFile = MainTBC;
				INFOPLIST_KEY_UISupportedInterfaceOrientations_iPad = "UIInterfaceOrientationPortrait UIInterfaceOrientationPortraitUpsideDown UIInterfaceOrientationLandscapeLeft UIInterfaceOrientationLandscapeRight";
				INFOPLIST_KEY_UISupportedInterfaceOrientations_iPhone = "UIInterfaceOrientationPortrait UIInterfaceOrientationLandscapeLeft UIInterfaceOrientationLandscapeRight";
				LD_RUNPATH_SEARCH_PATHS = (
					"$(inherited)",
					"@executable_path/Frameworks",
				);
				MARKETING_VERSION = 1.0;
				PRODUCT_BUNDLE_IDENTIFIER = "com.yujinnee.Melon-iOS";
				PRODUCT_NAME = "$(TARGET_NAME)";
				SWIFT_EMIT_LOC_STRINGS = YES;
				SWIFT_VERSION = 5.0;
				TARGETED_DEVICE_FAMILY = "1,2";
			};
			name = Debug;
		};
		6AE8B4162833665A00151DEC /* Release */ = {
			isa = XCBuildConfiguration;
			baseConfigurationReference = 5F56A4703577E27ADFCE2CB4 /* Pods-Melon-iOS.release.xcconfig */;
			buildSettings = {
				ASSETCATALOG_COMPILER_APPICON_NAME = AppIcon;
				ASSETCATALOG_COMPILER_GLOBAL_ACCENT_COLOR_NAME = AccentColor;
				CODE_SIGN_STYLE = Automatic;
				CURRENT_PROJECT_VERSION = 1;
				DEVELOPMENT_TEAM = H7X76GFF7D;
				GENERATE_INFOPLIST_FILE = YES;
				INFOPLIST_FILE = "Melon-iOS/Info.plist";
				INFOPLIST_KEY_UIApplicationSupportsIndirectInputEvents = YES;
				INFOPLIST_KEY_UILaunchStoryboardName = LaunchScreen;
				INFOPLIST_KEY_UIMainStoryboardFile = MainTBC;
				INFOPLIST_KEY_UISupportedInterfaceOrientations_iPad = "UIInterfaceOrientationPortrait UIInterfaceOrientationPortraitUpsideDown UIInterfaceOrientationLandscapeLeft UIInterfaceOrientationLandscapeRight";
				INFOPLIST_KEY_UISupportedInterfaceOrientations_iPhone = "UIInterfaceOrientationPortrait UIInterfaceOrientationLandscapeLeft UIInterfaceOrientationLandscapeRight";
				LD_RUNPATH_SEARCH_PATHS = (
					"$(inherited)",
					"@executable_path/Frameworks",
				);
				MARKETING_VERSION = 1.0;
				PRODUCT_BUNDLE_IDENTIFIER = "com.yujinnee.Melon-iOS";
				PRODUCT_NAME = "$(TARGET_NAME)";
				SWIFT_EMIT_LOC_STRINGS = YES;
				SWIFT_VERSION = 5.0;
				TARGETED_DEVICE_FAMILY = "1,2";
			};
			name = Release;
		};
/* End XCBuildConfiguration section */

/* Begin XCConfigurationList section */
		6AE8B3FB2833665800151DEC /* Build configuration list for PBXProject "Melon-iOS" */ = {
			isa = XCConfigurationList;
			buildConfigurations = (
				6AE8B4122833665A00151DEC /* Debug */,
				6AE8B4132833665A00151DEC /* Release */,
			);
			defaultConfigurationIsVisible = 0;
			defaultConfigurationName = Release;
		};
		6AE8B4142833665A00151DEC /* Build configuration list for PBXNativeTarget "Melon-iOS" */ = {
			isa = XCConfigurationList;
			buildConfigurations = (
				6AE8B4152833665A00151DEC /* Debug */,
				6AE8B4162833665A00151DEC /* Release */,
			);
			defaultConfigurationIsVisible = 0;
			defaultConfigurationName = Release;
		};
/* End XCConfigurationList section */
	};
	rootObject = 6AE8B3F82833665800151DEC /* Project object */;
}
